// !$*UTF8*$!
{
	archiveVersion = 1;
	classes = {
	};
	objectVersion = 46;
	objects = {

/* Begin PBXBuildFile section */
		E1C6964C15BF6D1A00AD27B2 /* Foundation.framework in Frameworks */ = {isa = PBXBuildFile; fileRef = E1C6964B15BF6D1A00AD27B2 /* Foundation.framework */; };
		E1C6965215BF6D1A00AD27B2 /* foundation.m in Sources */ = {isa = PBXBuildFile; fileRef = E1C6965115BF6D1A00AD27B2 /* foundation.m */; };
		E1C6965A15BF6D1B00AD27B2 /* SenTestingKit.framework in Frameworks */ = {isa = PBXBuildFile; fileRef = E1C6965915BF6D1B00AD27B2 /* SenTestingKit.framework */; };
		E1C6965C15BF6D1B00AD27B2 /* UIKit.framework in Frameworks */ = {isa = PBXBuildFile; fileRef = E1C6965B15BF6D1B00AD27B2 /* UIKit.framework */; };
		E1C6965D15BF6D1B00AD27B2 /* Foundation.framework in Frameworks */ = {isa = PBXBuildFile; fileRef = E1C6964B15BF6D1A00AD27B2 /* Foundation.framework */; };
		E1C6966015BF6D1B00AD27B2 /* libfoundation.a in Frameworks */ = {isa = PBXBuildFile; fileRef = E1C6964815BF6D1A00AD27B2 /* libfoundation.a */; };
		E1C6966615BF6D1B00AD27B2 /* InfoPlist.strings in Resources */ = {isa = PBXBuildFile; fileRef = E1C6966415BF6D1B00AD27B2 /* InfoPlist.strings */; };
		E1C6966915BF6D1B00AD27B2 /* foundationTests.m in Sources */ = {isa = PBXBuildFile; fileRef = E1C6966815BF6D1B00AD27B2 /* foundationTests.m */; };
		E1C698FB15C035F400AD27B2 /* AAtomizer.cpp in Sources */ = {isa = PBXBuildFile; fileRef = E1C698DF15C035F400AD27B2 /* AAtomizer.cpp */; };
		E1C698FC15C035F400AD27B2 /* AAtomizer.h in Headers */ = {isa = PBXBuildFile; fileRef = E1C698E015C035F400AD27B2 /* AAtomizer.h */; };
		E1C698FD15C035F400AD27B2 /* ABase.h in Headers */ = {isa = PBXBuildFile; fileRef = E1C698E115C035F400AD27B2 /* ABase.h */; };
		E1C698FE15C035F400AD27B2 /* ABitReader.cpp in Sources */ = {isa = PBXBuildFile; fileRef = E1C698E215C035F400AD27B2 /* ABitReader.cpp */; };
		E1C698FF15C035F400AD27B2 /* ABitReader.h in Headers */ = {isa = PBXBuildFile; fileRef = E1C698E315C035F400AD27B2 /* ABitReader.h */; };
		E1C6990015C035F400AD27B2 /* ABuffer.cpp in Sources */ = {isa = PBXBuildFile; fileRef = E1C698E415C035F400AD27B2 /* ABuffer.cpp */; };
		E1C6990115C035F400AD27B2 /* ABuffer.h in Headers */ = {isa = PBXBuildFile; fileRef = E1C698E515C035F400AD27B2 /* ABuffer.h */; };
		E1C6990215C035F400AD27B2 /* ADebug.h in Headers */ = {isa = PBXBuildFile; fileRef = E1C698E615C035F400AD27B2 /* ADebug.h */; };
		E1C6990315C035F400AD27B2 /* AHandler.cpp in Sources */ = {isa = PBXBuildFile; fileRef = E1C698E715C035F400AD27B2 /* AHandler.cpp */; };
		E1C6990415C035F400AD27B2 /* AHandler.h in Headers */ = {isa = PBXBuildFile; fileRef = E1C698E815C035F400AD27B2 /* AHandler.h */; };
		E1C6990515C035F400AD27B2 /* AHandlerReflector.h in Headers */ = {isa = PBXBuildFile; fileRef = E1C698E915C035F400AD27B2 /* AHandlerReflector.h */; };
		E1C6990615C035F400AD27B2 /* AHierarchicalStateMachine.cpp in Sources */ = {isa = PBXBuildFile; fileRef = E1C698EA15C035F400AD27B2 /* AHierarchicalStateMachine.cpp */; };
		E1C6990715C035F400AD27B2 /* AHierarchicalStateMachine.h in Headers */ = {isa = PBXBuildFile; fileRef = E1C698EB15C035F400AD27B2 /* AHierarchicalStateMachine.h */; };
		E1C6990815C035F400AD27B2 /* ALooper.cpp in Sources */ = {isa = PBXBuildFile; fileRef = E1C698EC15C035F400AD27B2 /* ALooper.cpp */; };
		E1C6990915C035F400AD27B2 /* ALooper.h in Headers */ = {isa = PBXBuildFile; fileRef = E1C698ED15C035F400AD27B2 /* ALooper.h */; };
		E1C6990A15C035F400AD27B2 /* ALooperRoster.cpp in Sources */ = {isa = PBXBuildFile; fileRef = E1C698EE15C035F400AD27B2 /* ALooperRoster.cpp */; };
		E1C6990B15C035F400AD27B2 /* ALooperRoster.h in Headers */ = {isa = PBXBuildFile; fileRef = E1C698EF15C035F400AD27B2 /* ALooperRoster.h */; };
		E1C6990C15C035F400AD27B2 /* AMessage.cpp in Sources */ = {isa = PBXBuildFile; fileRef = E1C698F015C035F400AD27B2 /* AMessage.cpp */; };
		E1C6990D15C035F400AD27B2 /* AMessage.h in Headers */ = {isa = PBXBuildFile; fileRef = E1C698F115C035F400AD27B2 /* AMessage.h */; };
		E1C6990E15C035F400AD27B2 /* AString.cpp in Sources */ = {isa = PBXBuildFile; fileRef = E1C698F315C035F400AD27B2 /* AString.cpp */; };
		E1C6990F15C035F400AD27B2 /* AString.h in Headers */ = {isa = PBXBuildFile; fileRef = E1C698F415C035F400AD27B2 /* AString.h */; };
		E1C6991015C035F400AD27B2 /* base64.cpp in Sources */ = {isa = PBXBuildFile; fileRef = E1C698F515C035F400AD27B2 /* base64.cpp */; };
		E1C6991115C035F400AD27B2 /* base64.h in Headers */ = {isa = PBXBuildFile; fileRef = E1C698F615C035F400AD27B2 /* base64.h */; };
		E1C6991215C035F400AD27B2 /* hexdump.cpp in Sources */ = {isa = PBXBuildFile; fileRef = E1C698F715C035F400AD27B2 /* hexdump.cpp */; };
		E1C6991315C035F400AD27B2 /* hexdump.h in Headers */ = {isa = PBXBuildFile; fileRef = E1C698F815C035F400AD27B2 /* hexdump.h */; };
		E1C6997615C0361200AD27B2 /* AndroidThreads.h in Headers */ = {isa = PBXBuildFile; fileRef = E1C6991515C0361200AD27B2 /* AndroidThreads.h */; };
		E1C6997715C0361200AD27B2 /* ashmem.h in Headers */ = {isa = PBXBuildFile; fileRef = E1C6991615C0361200AD27B2 /* ashmem.h */; };
		E1C6997815C0361200AD27B2 /* Atomic.h in Headers */ = {isa = PBXBuildFile; fileRef = E1C6991715C0361200AD27B2 /* Atomic.h */; };
		E1C6997915C0361200AD27B2 /* BasicHashtable.cpp in Sources */ = {isa = PBXBuildFile; fileRef = E1C6991815C0361200AD27B2 /* BasicHashtable.cpp */; };
		E1C6997A15C0361200AD27B2 /* BasicHashtable.h in Headers */ = {isa = PBXBuildFile; fileRef = E1C6991915C0361200AD27B2 /* BasicHashtable.h */; };
		E1C6997B15C0361200AD27B2 /* BitSet.h in Headers */ = {isa = PBXBuildFile; fileRef = E1C6991A15C0361200AD27B2 /* BitSet.h */; };
		E1C6997C15C0361200AD27B2 /* BlobCache.cpp in Sources */ = {isa = PBXBuildFile; fileRef = E1C6991B15C0361200AD27B2 /* BlobCache.cpp */; };
		E1C6997D15C0361200AD27B2 /* BlobCache.h in Headers */ = {isa = PBXBuildFile; fileRef = E1C6991C15C0361200AD27B2 /* BlobCache.h */; };
		E1C6997E15C0361200AD27B2 /* BufferedTextOutput.cpp in Sources */ = {isa = PBXBuildFile; fileRef = E1C6991D15C0361200AD27B2 /* BufferedTextOutput.cpp */; };
		E1C6997F15C0361200AD27B2 /* BufferedTextOutput.h in Headers */ = {isa = PBXBuildFile; fileRef = E1C6991E15C0361200AD27B2 /* BufferedTextOutput.h */; };
		E1C6998015C0361200AD27B2 /* ByteOrder.h in Headers */ = {isa = PBXBuildFile; fileRef = E1C6991F15C0361200AD27B2 /* ByteOrder.h */; };
		E1C6998115C0361200AD27B2 /* CallStack.cpp in Sources */ = {isa = PBXBuildFile; fileRef = E1C6992015C0361200AD27B2 /* CallStack.cpp */; };
		E1C6998215C0361200AD27B2 /* CallStack.h in Headers */ = {isa = PBXBuildFile; fileRef = E1C6992115C0361200AD27B2 /* CallStack.h */; };
		E1C6998315C0361200AD27B2 /* Compat.h in Headers */ = {isa = PBXBuildFile; fileRef = E1C6992215C0361200AD27B2 /* Compat.h */; };
		E1C6998415C0361200AD27B2 /* Condition.h in Headers */ = {isa = PBXBuildFile; fileRef = E1C6992315C0361200AD27B2 /* Condition.h */; };
		E1C6998515C0361200AD27B2 /* Debug.cpp in Sources */ = {isa = PBXBuildFile; fileRef = E1C6992415C0361200AD27B2 /* Debug.cpp */; };
		E1C6998615C0361200AD27B2 /* Debug.h in Headers */ = {isa = PBXBuildFile; fileRef = E1C6992515C0361200AD27B2 /* Debug.h */; };
		E1C6998715C0361200AD27B2 /* Endian.h in Headers */ = {isa = PBXBuildFile; fileRef = E1C6992615C0361200AD27B2 /* Endian.h */; };
		E1C6998815C0361200AD27B2 /* Errors.h in Headers */ = {isa = PBXBuildFile; fileRef = E1C6992715C0361200AD27B2 /* Errors.h */; };
		E1C6998915C0361200AD27B2 /* FileMap.cpp in Sources */ = {isa = PBXBuildFile; fileRef = E1C6992815C0361200AD27B2 /* FileMap.cpp */; };
		E1C6998A15C0361200AD27B2 /* FileMap.h in Headers */ = {isa = PBXBuildFile; fileRef = E1C6992915C0361200AD27B2 /* FileMap.h */; };
		E1C6998B15C0361300AD27B2 /* Flattenable.cpp in Sources */ = {isa = PBXBuildFile; fileRef = E1C6992A15C0361200AD27B2 /* Flattenable.cpp */; };
		E1C6998C15C0361300AD27B2 /* Flattenable.h in Headers */ = {isa = PBXBuildFile; fileRef = E1C6992B15C0361200AD27B2 /* Flattenable.h */; };
		E1C6998D15C0361300AD27B2 /* Functor.h in Headers */ = {isa = PBXBuildFile; fileRef = E1C6992C15C0361200AD27B2 /* Functor.h */; };
		E1C6998E15C0361300AD27B2 /* GenerationCache.h in Headers */ = {isa = PBXBuildFile; fileRef = E1C6992D15C0361200AD27B2 /* GenerationCache.h */; };
		E1C6998F15C0361300AD27B2 /* KeyedVector.h in Headers */ = {isa = PBXBuildFile; fileRef = E1C6992E15C0361200AD27B2 /* KeyedVector.h */; };
		E1C6999015C0361300AD27B2 /* LinearTransform.cpp in Sources */ = {isa = PBXBuildFile; fileRef = E1C6992F15C0361200AD27B2 /* LinearTransform.cpp */; };
		E1C6999115C0361300AD27B2 /* LinearTransform.h in Headers */ = {isa = PBXBuildFile; fileRef = E1C6993015C0361200AD27B2 /* LinearTransform.h */; };
		E1C6999215C0361300AD27B2 /* List.h in Headers */ = {isa = PBXBuildFile; fileRef = E1C6993115C0361200AD27B2 /* List.h */; };
		E1C6999315C0361300AD27B2 /* Log.h in Headers */ = {isa = PBXBuildFile; fileRef = E1C6993215C0361200AD27B2 /* Log.h */; };
		E1C6999415C0361300AD27B2 /* Looper.cpp in Sources */ = {isa = PBXBuildFile; fileRef = E1C6993315C0361200AD27B2 /* Looper.cpp */; };
		E1C6999515C0361300AD27B2 /* Looper.h in Headers */ = {isa = PBXBuildFile; fileRef = E1C6993415C0361200AD27B2 /* Looper.h */; };
		E1C6999615C0361300AD27B2 /* misc.cpp in Sources */ = {isa = PBXBuildFile; fileRef = E1C6993515C0361200AD27B2 /* misc.cpp */; };
		E1C6999715C0361300AD27B2 /* misc.h in Headers */ = {isa = PBXBuildFile; fileRef = E1C6993615C0361200AD27B2 /* misc.h */; };
		E1C6999815C0361300AD27B2 /* Mutex.h in Headers */ = {isa = PBXBuildFile; fileRef = E1C6993815C0361200AD27B2 /* Mutex.h */; };
		E1C6999915C0361300AD27B2 /* PropertyMap.cpp in Sources */ = {isa = PBXBuildFile; fileRef = E1C6993B15C0361200AD27B2 /* PropertyMap.cpp */; };
		E1C6999A15C0361300AD27B2 /* PropertyMap.h in Headers */ = {isa = PBXBuildFile; fileRef = E1C6993C15C0361200AD27B2 /* PropertyMap.h */; };
		E1C6999B15C0361300AD27B2 /* RefBase.cpp in Sources */ = {isa = PBXBuildFile; fileRef = E1C6993E15C0361200AD27B2 /* RefBase.cpp */; };
		E1C6999C15C0361300AD27B2 /* RefBase.h in Headers */ = {isa = PBXBuildFile; fileRef = E1C6993F15C0361200AD27B2 /* RefBase.h */; };
		E1C6999D15C0361300AD27B2 /* RWLock.h in Headers */ = {isa = PBXBuildFile; fileRef = E1C6994015C0361200AD27B2 /* RWLock.h */; };
		E1C6999E15C0361300AD27B2 /* SharedBuffer.cpp in Sources */ = {isa = PBXBuildFile; fileRef = E1C6994115C0361200AD27B2 /* SharedBuffer.cpp */; };
		E1C6999F15C0361300AD27B2 /* SharedBuffer.h in Headers */ = {isa = PBXBuildFile; fileRef = E1C6994215C0361200AD27B2 /* SharedBuffer.h */; };
		E1C699A015C0361300AD27B2 /* Singleton.h in Headers */ = {isa = PBXBuildFile; fileRef = E1C6994315C0361200AD27B2 /* Singleton.h */; };
		E1C699A115C0361300AD27B2 /* SortedVector.h in Headers */ = {isa = PBXBuildFile; fileRef = E1C6994415C0361200AD27B2 /* SortedVector.h */; };
		E1C699A215C0361300AD27B2 /* Static.cpp in Sources */ = {isa = PBXBuildFile; fileRef = E1C6994515C0361200AD27B2 /* Static.cpp */; };
		E1C699A315C0361300AD27B2 /* StopWatch.cpp in Sources */ = {isa = PBXBuildFile; fileRef = E1C6994615C0361200AD27B2 /* StopWatch.cpp */; };
		E1C699A415C0361300AD27B2 /* StopWatch.h in Headers */ = {isa = PBXBuildFile; fileRef = E1C6994715C0361200AD27B2 /* StopWatch.h */; };
		E1C699A515C0361300AD27B2 /* String8.cpp in Sources */ = {isa = PBXBuildFile; fileRef = E1C6994815C0361200AD27B2 /* String8.cpp */; };
		E1C699A615C0361300AD27B2 /* String8.h in Headers */ = {isa = PBXBuildFile; fileRef = E1C6994915C0361200AD27B2 /* String8.h */; };
		E1C699A715C0361300AD27B2 /* String16.cpp in Sources */ = {isa = PBXBuildFile; fileRef = E1C6994A15C0361200AD27B2 /* String16.cpp */; };
		E1C699A815C0361300AD27B2 /* String16.h in Headers */ = {isa = PBXBuildFile; fileRef = E1C6994B15C0361200AD27B2 /* String16.h */; };
		E1C699A915C0361300AD27B2 /* StringArray.cpp in Sources */ = {isa = PBXBuildFile; fileRef = E1C6994C15C0361200AD27B2 /* StringArray.cpp */; };
		E1C699AA15C0361300AD27B2 /* StringArray.h in Headers */ = {isa = PBXBuildFile; fileRef = E1C6994D15C0361200AD27B2 /* StringArray.h */; };
		E1C699AB15C0361300AD27B2 /* StrongPointer.h in Headers */ = {isa = PBXBuildFile; fileRef = E1C6994E15C0361200AD27B2 /* StrongPointer.h */; };
		E1C699AC15C0361300AD27B2 /* SystemClock.cpp in Sources */ = {isa = PBXBuildFile; fileRef = E1C6994F15C0361200AD27B2 /* SystemClock.cpp */; };
		E1C699AD15C0361300AD27B2 /* SystemClock.h in Headers */ = {isa = PBXBuildFile; fileRef = E1C6995015C0361200AD27B2 /* SystemClock.h */; };
		E1C699B615C0361300AD27B2 /* TextOutput.cpp in Sources */ = {isa = PBXBuildFile; fileRef = E1C6995B15C0361200AD27B2 /* TextOutput.cpp */; };
		E1C699B715C0361300AD27B2 /* TextOutput.h in Headers */ = {isa = PBXBuildFile; fileRef = E1C6995C15C0361200AD27B2 /* TextOutput.h */; };
		E1C699B815C0361300AD27B2 /* Thread.h in Headers */ = {isa = PBXBuildFile; fileRef = E1C6995D15C0361200AD27B2 /* Thread.h */; };
		E1C699B915C0361300AD27B2 /* ThreadDefs.h in Headers */ = {isa = PBXBuildFile; fileRef = E1C6995E15C0361200AD27B2 /* ThreadDefs.h */; };
		E1C699BA15C0361300AD27B2 /* Threads.cpp in Sources */ = {isa = PBXBuildFile; fileRef = E1C6995F15C0361200AD27B2 /* Threads.cpp */; };
		E1C699BB15C0361300AD27B2 /* threads.h in Headers */ = {isa = PBXBuildFile; fileRef = E1C6996015C0361200AD27B2 /* threads.h */; };
		E1C699BC15C0361300AD27B2 /* Timers.cpp in Sources */ = {isa = PBXBuildFile; fileRef = E1C6996115C0361200AD27B2 /* Timers.cpp */; };
		E1C699BD15C0361300AD27B2 /* Timers.h in Headers */ = {isa = PBXBuildFile; fileRef = E1C6996215C0361200AD27B2 /* Timers.h */; };
		E1C699BE15C0361300AD27B2 /* Tokenizer.cpp in Sources */ = {isa = PBXBuildFile; fileRef = E1C6996315C0361200AD27B2 /* Tokenizer.cpp */; };
		E1C699BF15C0361300AD27B2 /* Tokenizer.h in Headers */ = {isa = PBXBuildFile; fileRef = E1C6996415C0361200AD27B2 /* Tokenizer.h */; };
		E1C699C015C0361300AD27B2 /* Trace.cpp in Sources */ = {isa = PBXBuildFile; fileRef = E1C6996515C0361200AD27B2 /* Trace.cpp */; };
		E1C699C115C0361300AD27B2 /* Trace.h in Headers */ = {isa = PBXBuildFile; fileRef = E1C6996615C0361200AD27B2 /* Trace.h */; };
		E1C699C215C0361300AD27B2 /* TypeHelpers.h in Headers */ = {isa = PBXBuildFile; fileRef = E1C6996715C0361200AD27B2 /* TypeHelpers.h */; };
		E1C699C315C0361300AD27B2 /* Unicode.cpp in Sources */ = {isa = PBXBuildFile; fileRef = E1C6996815C0361200AD27B2 /* Unicode.cpp */; };
		E1C699C415C0361300AD27B2 /* Unicode.h in Headers */ = {isa = PBXBuildFile; fileRef = E1C6996915C0361200AD27B2 /* Unicode.h */; };
		E1C699C515C0361300AD27B2 /* UniquePtr.h in Headers */ = {isa = PBXBuildFile; fileRef = E1C6996A15C0361200AD27B2 /* UniquePtr.h */; };
		E1C699C615C0361300AD27B2 /* Vector.h in Headers */ = {isa = PBXBuildFile; fileRef = E1C6996B15C0361200AD27B2 /* Vector.h */; };
		E1C699C715C0361300AD27B2 /* VectorImpl.cpp in Sources */ = {isa = PBXBuildFile; fileRef = E1C6996C15C0361200AD27B2 /* VectorImpl.cpp */; };
		E1C699C815C0361300AD27B2 /* VectorImpl.h in Headers */ = {isa = PBXBuildFile; fileRef = E1C6996D15C0361200AD27B2 /* VectorImpl.h */; };
		E1C699C915C0361300AD27B2 /* WorkQueue.cpp in Sources */ = {isa = PBXBuildFile; fileRef = E1C6996E15C0361200AD27B2 /* WorkQueue.cpp */; };
		E1C699CA15C0361300AD27B2 /* WorkQueue.h in Headers */ = {isa = PBXBuildFile; fileRef = E1C6996F15C0361200AD27B2 /* WorkQueue.h */; };
		E1C699CB15C0361300AD27B2 /* ZipFileCRO.cpp in Sources */ = {isa = PBXBuildFile; fileRef = E1C6997015C0361200AD27B2 /* ZipFileCRO.cpp */; };
		E1C699CC15C0361300AD27B2 /* ZipFileCRO.h in Headers */ = {isa = PBXBuildFile; fileRef = E1C6997115C0361200AD27B2 /* ZipFileCRO.h */; };
		E1C699CD15C0361300AD27B2 /* ZipFileRO.cpp in Sources */ = {isa = PBXBuildFile; fileRef = E1C6997215C0361200AD27B2 /* ZipFileRO.cpp */; };
		E1C699CE15C0361300AD27B2 /* ZipFileRO.h in Headers */ = {isa = PBXBuildFile; fileRef = E1C6997315C0361200AD27B2 /* ZipFileRO.h */; };
		E1C699CF15C0361300AD27B2 /* ZipUtils.cpp in Sources */ = {isa = PBXBuildFile; fileRef = E1C6997415C0361200AD27B2 /* ZipUtils.cpp */; };
		E1C699D015C0361300AD27B2 /* ZipUtils.h in Headers */ = {isa = PBXBuildFile; fileRef = E1C6997515C0361200AD27B2 /* ZipUtils.h */; };
/* End PBXBuildFile section */

/* Begin PBXContainerItemProxy section */
		E1C6965E15BF6D1B00AD27B2 /* PBXContainerItemProxy */ = {
			isa = PBXContainerItemProxy;
			containerPortal = E1C6963F15BF6D1A00AD27B2 /* Project object */;
			proxyType = 1;
			remoteGlobalIDString = E1C6964715BF6D1A00AD27B2;
			remoteInfo = foundation;
		};
/* End PBXContainerItemProxy section */

/* Begin PBXFileReference section */
		E1C6964815BF6D1A00AD27B2 /* libfoundation.a */ = {isa = PBXFileReference; explicitFileType = archive.ar; includeInIndex = 0; path = libfoundation.a; sourceTree = BUILT_PRODUCTS_DIR; };
		E1C6964B15BF6D1A00AD27B2 /* Foundation.framework */ = {isa = PBXFileReference; lastKnownFileType = wrapper.framework; name = Foundation.framework; path = System/Library/Frameworks/Foundation.framework; sourceTree = SDKROOT; };
		E1C6964F15BF6D1A00AD27B2 /* foundation-Prefix.pch */ = {isa = PBXFileReference; lastKnownFileType = sourcecode.c.h; path = "foundation-Prefix.pch"; sourceTree = "<group>"; };
		E1C6965015BF6D1A00AD27B2 /* foundation.h */ = {isa = PBXFileReference; lastKnownFileType = sourcecode.c.h; path = foundation.h; sourceTree = "<group>"; };
		E1C6965115BF6D1A00AD27B2 /* foundation.m */ = {isa = PBXFileReference; lastKnownFileType = sourcecode.c.objc; path = foundation.m; sourceTree = "<group>"; };
		E1C6965815BF6D1B00AD27B2 /* foundationTests.octest */ = {isa = PBXFileReference; explicitFileType = wrapper.cfbundle; includeInIndex = 0; path = foundationTests.octest; sourceTree = BUILT_PRODUCTS_DIR; };
		E1C6965915BF6D1B00AD27B2 /* SenTestingKit.framework */ = {isa = PBXFileReference; lastKnownFileType = wrapper.framework; name = SenTestingKit.framework; path = Library/Frameworks/SenTestingKit.framework; sourceTree = DEVELOPER_DIR; };
		E1C6965B15BF6D1B00AD27B2 /* UIKit.framework */ = {isa = PBXFileReference; lastKnownFileType = wrapper.framework; name = UIKit.framework; path = Library/Frameworks/UIKit.framework; sourceTree = DEVELOPER_DIR; };
		E1C6966315BF6D1B00AD27B2 /* foundationTests-Info.plist */ = {isa = PBXFileReference; lastKnownFileType = text.plist.xml; path = "foundationTests-Info.plist"; sourceTree = "<group>"; };
		E1C6966515BF6D1B00AD27B2 /* en */ = {isa = PBXFileReference; lastKnownFileType = text.plist.strings; name = en; path = en.lproj/InfoPlist.strings; sourceTree = "<group>"; };
		E1C6966715BF6D1B00AD27B2 /* foundationTests.h */ = {isa = PBXFileReference; lastKnownFileType = sourcecode.c.h; path = foundationTests.h; sourceTree = "<group>"; };
		E1C6966815BF6D1B00AD27B2 /* foundationTests.m */ = {isa = PBXFileReference; lastKnownFileType = sourcecode.c.objc; path = foundationTests.m; sourceTree = "<group>"; };
		E1C698DF15C035F400AD27B2 /* AAtomizer.cpp */ = {isa = PBXFileReference; fileEncoding = 4; lastKnownFileType = sourcecode.cpp.cpp; path = AAtomizer.cpp; sourceTree = "<group>"; };
		E1C698E015C035F400AD27B2 /* AAtomizer.h */ = {isa = PBXFileReference; fileEncoding = 4; lastKnownFileType = sourcecode.c.h; path = AAtomizer.h; sourceTree = "<group>"; };
		E1C698E115C035F400AD27B2 /* ABase.h */ = {isa = PBXFileReference; fileEncoding = 4; lastKnownFileType = sourcecode.c.h; path = ABase.h; sourceTree = "<group>"; };
		E1C698E215C035F400AD27B2 /* ABitReader.cpp */ = {isa = PBXFileReference; fileEncoding = 4; lastKnownFileType = sourcecode.cpp.cpp; path = ABitReader.cpp; sourceTree = "<group>"; };
		E1C698E315C035F400AD27B2 /* ABitReader.h */ = {isa = PBXFileReference; fileEncoding = 4; lastKnownFileType = sourcecode.c.h; path = ABitReader.h; sourceTree = "<group>"; };
		E1C698E415C035F400AD27B2 /* ABuffer.cpp */ = {isa = PBXFileReference; fileEncoding = 4; lastKnownFileType = sourcecode.cpp.cpp; path = ABuffer.cpp; sourceTree = "<group>"; };
		E1C698E515C035F400AD27B2 /* ABuffer.h */ = {isa = PBXFileReference; fileEncoding = 4; lastKnownFileType = sourcecode.c.h; path = ABuffer.h; sourceTree = "<group>"; };
		E1C698E615C035F400AD27B2 /* ADebug.h */ = {isa = PBXFileReference; fileEncoding = 4; lastKnownFileType = sourcecode.c.h; path = ADebug.h; sourceTree = "<group>"; };
		E1C698E715C035F400AD27B2 /* AHandler.cpp */ = {isa = PBXFileReference; fileEncoding = 4; lastKnownFileType = sourcecode.cpp.cpp; path = AHandler.cpp; sourceTree = "<group>"; };
		E1C698E815C035F400AD27B2 /* AHandler.h */ = {isa = PBXFileReference; fileEncoding = 4; lastKnownFileType = sourcecode.c.h; path = AHandler.h; sourceTree = "<group>"; };
		E1C698E915C035F400AD27B2 /* AHandlerReflector.h */ = {isa = PBXFileReference; fileEncoding = 4; lastKnownFileType = sourcecode.c.h; path = AHandlerReflector.h; sourceTree = "<group>"; };
		E1C698EA15C035F400AD27B2 /* AHierarchicalStateMachine.cpp */ = {isa = PBXFileReference; fileEncoding = 4; lastKnownFileType = sourcecode.cpp.cpp; path = AHierarchicalStateMachine.cpp; sourceTree = "<group>"; };
		E1C698EB15C035F400AD27B2 /* AHierarchicalStateMachine.h */ = {isa = PBXFileReference; fileEncoding = 4; lastKnownFileType = sourcecode.c.h; path = AHierarchicalStateMachine.h; sourceTree = "<group>"; };
		E1C698EC15C035F400AD27B2 /* ALooper.cpp */ = {isa = PBXFileReference; fileEncoding = 4; lastKnownFileType = sourcecode.cpp.cpp; path = ALooper.cpp; sourceTree = "<group>"; };
		E1C698ED15C035F400AD27B2 /* ALooper.h */ = {isa = PBXFileReference; fileEncoding = 4; lastKnownFileType = sourcecode.c.h; path = ALooper.h; sourceTree = "<group>"; };
		E1C698EE15C035F400AD27B2 /* ALooperRoster.cpp */ = {isa = PBXFileReference; fileEncoding = 4; lastKnownFileType = sourcecode.cpp.cpp; path = ALooperRoster.cpp; sourceTree = "<group>"; };
		E1C698EF15C035F400AD27B2 /* ALooperRoster.h */ = {isa = PBXFileReference; fileEncoding = 4; lastKnownFileType = sourcecode.c.h; path = ALooperRoster.h; sourceTree = "<group>"; };
		E1C698F015C035F400AD27B2 /* AMessage.cpp */ = {isa = PBXFileReference; fileEncoding = 4; lastKnownFileType = sourcecode.cpp.cpp; path = AMessage.cpp; sourceTree = "<group>"; };
		E1C698F115C035F400AD27B2 /* AMessage.h */ = {isa = PBXFileReference; fileEncoding = 4; lastKnownFileType = sourcecode.c.h; path = AMessage.h; sourceTree = "<group>"; };
		E1C698F215C035F400AD27B2 /* Android.mk */ = {isa = PBXFileReference; fileEncoding = 4; lastKnownFileType = text; path = Android.mk; sourceTree = "<group>"; };
		E1C698F315C035F400AD27B2 /* AString.cpp */ = {isa = PBXFileReference; fileEncoding = 4; lastKnownFileType = sourcecode.cpp.cpp; path = AString.cpp; sourceTree = "<group>"; };
		E1C698F415C035F400AD27B2 /* AString.h */ = {isa = PBXFileReference; fileEncoding = 4; lastKnownFileType = sourcecode.c.h; path = AString.h; sourceTree = "<group>"; };
		E1C698F515C035F400AD27B2 /* base64.cpp */ = {isa = PBXFileReference; fileEncoding = 4; lastKnownFileType = sourcecode.cpp.cpp; path = base64.cpp; sourceTree = "<group>"; };
		E1C698F615C035F400AD27B2 /* base64.h */ = {isa = PBXFileReference; fileEncoding = 4; lastKnownFileType = sourcecode.c.h; path = base64.h; sourceTree = "<group>"; };
		E1C698F715C035F400AD27B2 /* hexdump.cpp */ = {isa = PBXFileReference; fileEncoding = 4; lastKnownFileType = sourcecode.cpp.cpp; path = hexdump.cpp; sourceTree = "<group>"; };
		E1C698F815C035F400AD27B2 /* hexdump.h */ = {isa = PBXFileReference; fileEncoding = 4; lastKnownFileType = sourcecode.c.h; path = hexdump.h; sourceTree = "<group>"; };
		E1C698F915C035F400AD27B2 /* MODULE_LICENSE_APACHE2 */ = {isa = PBXFileReference; fileEncoding = 4; lastKnownFileType = text; path = MODULE_LICENSE_APACHE2; sourceTree = "<group>"; };
		E1C698FA15C035F400AD27B2 /* NOTICE */ = {isa = PBXFileReference; fileEncoding = 4; lastKnownFileType = text; path = NOTICE; sourceTree = "<group>"; };
		E1C6991415C0361200AD27B2 /* Android.mk */ = {isa = PBXFileReference; fileEncoding = 4; lastKnownFileType = text; path = Android.mk; sourceTree = "<group>"; };
		E1C6991515C0361200AD27B2 /* AndroidThreads.h */ = {isa = PBXFileReference; fileEncoding = 4; lastKnownFileType = sourcecode.c.h; path = AndroidThreads.h; sourceTree = "<group>"; };
		E1C6991615C0361200AD27B2 /* ashmem.h */ = {isa = PBXFileReference; fileEncoding = 4; lastKnownFileType = sourcecode.c.h; path = ashmem.h; sourceTree = "<group>"; };
		E1C6991715C0361200AD27B2 /* Atomic.h */ = {isa = PBXFileReference; fileEncoding = 4; lastKnownFileType = sourcecode.c.h; path = Atomic.h; sourceTree = "<group>"; };
		E1C6991815C0361200AD27B2 /* BasicHashtable.cpp */ = {isa = PBXFileReference; fileEncoding = 4; lastKnownFileType = sourcecode.cpp.cpp; path = BasicHashtable.cpp; sourceTree = "<group>"; };
		E1C6991915C0361200AD27B2 /* BasicHashtable.h */ = {isa = PBXFileReference; fileEncoding = 4; lastKnownFileType = sourcecode.c.h; path = BasicHashtable.h; sourceTree = "<group>"; };
		E1C6991A15C0361200AD27B2 /* BitSet.h */ = {isa = PBXFileReference; fileEncoding = 4; lastKnownFileType = sourcecode.c.h; path = BitSet.h; sourceTree = "<group>"; };
		E1C6991B15C0361200AD27B2 /* BlobCache.cpp */ = {isa = PBXFileReference; fileEncoding = 4; lastKnownFileType = sourcecode.cpp.cpp; path = BlobCache.cpp; sourceTree = "<group>"; };
		E1C6991C15C0361200AD27B2 /* BlobCache.h */ = {isa = PBXFileReference; fileEncoding = 4; lastKnownFileType = sourcecode.c.h; path = BlobCache.h; sourceTree = "<group>"; };
		E1C6991D15C0361200AD27B2 /* BufferedTextOutput.cpp */ = {isa = PBXFileReference; fileEncoding = 4; lastKnownFileType = sourcecode.cpp.cpp; path = BufferedTextOutput.cpp; sourceTree = "<group>"; };
		E1C6991E15C0361200AD27B2 /* BufferedTextOutput.h */ = {isa = PBXFileReference; fileEncoding = 4; lastKnownFileType = sourcecode.c.h; path = BufferedTextOutput.h; sourceTree = "<group>"; };
		E1C6991F15C0361200AD27B2 /* ByteOrder.h */ = {isa = PBXFileReference; fileEncoding = 4; lastKnownFileType = sourcecode.c.h; path = ByteOrder.h; sourceTree = "<group>"; };
		E1C6992015C0361200AD27B2 /* CallStack.cpp */ = {isa = PBXFileReference; fileEncoding = 4; lastKnownFileType = sourcecode.cpp.cpp; path = CallStack.cpp; sourceTree = "<group>"; };
		E1C6992115C0361200AD27B2 /* CallStack.h */ = {isa = PBXFileReference; fileEncoding = 4; lastKnownFileType = sourcecode.c.h; path = CallStack.h; sourceTree = "<group>"; };
		E1C6992215C0361200AD27B2 /* Compat.h */ = {isa = PBXFileReference; fileEncoding = 4; lastKnownFileType = sourcecode.c.h; path = Compat.h; sourceTree = "<group>"; };
		E1C6992315C0361200AD27B2 /* Condition.h */ = {isa = PBXFileReference; fileEncoding = 4; lastKnownFileType = sourcecode.c.h; path = Condition.h; sourceTree = "<group>"; };
		E1C6992415C0361200AD27B2 /* Debug.cpp */ = {isa = PBXFileReference; fileEncoding = 4; lastKnownFileType = sourcecode.cpp.cpp; path = Debug.cpp; sourceTree = "<group>"; };
		E1C6992515C0361200AD27B2 /* Debug.h */ = {isa = PBXFileReference; fileEncoding = 4; lastKnownFileType = sourcecode.c.h; path = Debug.h; sourceTree = "<group>"; };
		E1C6992615C0361200AD27B2 /* Endian.h */ = {isa = PBXFileReference; fileEncoding = 4; lastKnownFileType = sourcecode.c.h; path = Endian.h; sourceTree = "<group>"; };
		E1C6992715C0361200AD27B2 /* Errors.h */ = {isa = PBXFileReference; fileEncoding = 4; lastKnownFileType = sourcecode.c.h; path = Errors.h; sourceTree = "<group>"; };
		E1C6992815C0361200AD27B2 /* FileMap.cpp */ = {isa = PBXFileReference; fileEncoding = 4; lastKnownFileType = sourcecode.cpp.cpp; path = FileMap.cpp; sourceTree = "<group>"; };
		E1C6992915C0361200AD27B2 /* FileMap.h */ = {isa = PBXFileReference; fileEncoding = 4; lastKnownFileType = sourcecode.c.h; path = FileMap.h; sourceTree = "<group>"; };
		E1C6992A15C0361200AD27B2 /* Flattenable.cpp */ = {isa = PBXFileReference; fileEncoding = 4; lastKnownFileType = sourcecode.cpp.cpp; path = Flattenable.cpp; sourceTree = "<group>"; };
		E1C6992B15C0361200AD27B2 /* Flattenable.h */ = {isa = PBXFileReference; fileEncoding = 4; lastKnownFileType = sourcecode.c.h; path = Flattenable.h; sourceTree = "<group>"; };
		E1C6992C15C0361200AD27B2 /* Functor.h */ = {isa = PBXFileReference; fileEncoding = 4; lastKnownFileType = sourcecode.c.h; path = Functor.h; sourceTree = "<group>"; };
		E1C6992D15C0361200AD27B2 /* GenerationCache.h */ = {isa = PBXFileReference; fileEncoding = 4; lastKnownFileType = sourcecode.c.h; path = GenerationCache.h; sourceTree = "<group>"; };
		E1C6992E15C0361200AD27B2 /* KeyedVector.h */ = {isa = PBXFileReference; fileEncoding = 4; lastKnownFileType = sourcecode.c.h; path = KeyedVector.h; sourceTree = "<group>"; };
		E1C6992F15C0361200AD27B2 /* LinearTransform.cpp */ = {isa = PBXFileReference; fileEncoding = 4; lastKnownFileType = sourcecode.cpp.cpp; path = LinearTransform.cpp; sourceTree = "<group>"; };
		E1C6993015C0361200AD27B2 /* LinearTransform.h */ = {isa = PBXFileReference; fileEncoding = 4; lastKnownFileType = sourcecode.c.h; path = LinearTransform.h; sourceTree = "<group>"; };
		E1C6993115C0361200AD27B2 /* List.h */ = {isa = PBXFileReference; fileEncoding = 4; lastKnownFileType = sourcecode.c.h; path = List.h; sourceTree = "<group>"; };
		E1C6993215C0361200AD27B2 /* Log.h */ = {isa = PBXFileReference; fileEncoding = 4; lastKnownFileType = sourcecode.c.h; path = Log.h; sourceTree = "<group>"; };
		E1C6993315C0361200AD27B2 /* Looper.cpp */ = {isa = PBXFileReference; fileEncoding = 4; lastKnownFileType = sourcecode.cpp.cpp; path = Looper.cpp; sourceTree = "<group>"; };
		E1C6993415C0361200AD27B2 /* Looper.h */ = {isa = PBXFileReference; fileEncoding = 4; lastKnownFileType = sourcecode.c.h; path = Looper.h; sourceTree = "<group>"; };
		E1C6993515C0361200AD27B2 /* misc.cpp */ = {isa = PBXFileReference; fileEncoding = 4; lastKnownFileType = sourcecode.cpp.cpp; path = misc.cpp; sourceTree = "<group>"; };
		E1C6993615C0361200AD27B2 /* misc.h */ = {isa = PBXFileReference; fileEncoding = 4; lastKnownFileType = sourcecode.c.h; path = misc.h; sourceTree = "<group>"; };
		E1C6993715C0361200AD27B2 /* MODULE_LICENSE_APACHE2 */ = {isa = PBXFileReference; fileEncoding = 4; lastKnownFileType = text; path = MODULE_LICENSE_APACHE2; sourceTree = "<group>"; };
		E1C6993815C0361200AD27B2 /* Mutex.h */ = {isa = PBXFileReference; fileEncoding = 4; lastKnownFileType = sourcecode.c.h; path = Mutex.h; sourceTree = "<group>"; };
		E1C6993915C0361200AD27B2 /* NOTICE */ = {isa = PBXFileReference; fileEncoding = 4; lastKnownFileType = text; path = NOTICE; sourceTree = "<group>"; };
		E1C6993A15C0361200AD27B2 /* primes.py */ = {isa = PBXFileReference; fileEncoding = 4; lastKnownFileType = text.script.python; path = primes.py; sourceTree = "<group>"; };
		E1C6993B15C0361200AD27B2 /* PropertyMap.cpp */ = {isa = PBXFileReference; fileEncoding = 4; lastKnownFileType = sourcecode.cpp.cpp; path = PropertyMap.cpp; sourceTree = "<group>"; };
		E1C6993C15C0361200AD27B2 /* PropertyMap.h */ = {isa = PBXFileReference; fileEncoding = 4; lastKnownFileType = sourcecode.c.h; path = PropertyMap.h; sourceTree = "<group>"; };
		E1C6993D15C0361200AD27B2 /* README */ = {isa = PBXFileReference; fileEncoding = 4; lastKnownFileType = text; path = README; sourceTree = "<group>"; };
		E1C6993E15C0361200AD27B2 /* RefBase.cpp */ = {isa = PBXFileReference; fileEncoding = 4; lastKnownFileType = sourcecode.cpp.cpp; path = RefBase.cpp; sourceTree = "<group>"; };
		E1C6993F15C0361200AD27B2 /* RefBase.h */ = {isa = PBXFileReference; fileEncoding = 4; lastKnownFileType = sourcecode.c.h; path = RefBase.h; sourceTree = "<group>"; };
		E1C6994015C0361200AD27B2 /* RWLock.h */ = {isa = PBXFileReference; fileEncoding = 4; lastKnownFileType = sourcecode.c.h; path = RWLock.h; sourceTree = "<group>"; };
		E1C6994115C0361200AD27B2 /* SharedBuffer.cpp */ = {isa = PBXFileReference; fileEncoding = 4; lastKnownFileType = sourcecode.cpp.cpp; path = SharedBuffer.cpp; sourceTree = "<group>"; };
		E1C6994215C0361200AD27B2 /* SharedBuffer.h */ = {isa = PBXFileReference; fileEncoding = 4; lastKnownFileType = sourcecode.c.h; path = SharedBuffer.h; sourceTree = "<group>"; };
		E1C6994315C0361200AD27B2 /* Singleton.h */ = {isa = PBXFileReference; fileEncoding = 4; lastKnownFileType = sourcecode.c.h; path = Singleton.h; sourceTree = "<group>"; };
		E1C6994415C0361200AD27B2 /* SortedVector.h */ = {isa = PBXFileReference; fileEncoding = 4; lastKnownFileType = sourcecode.c.h; path = SortedVector.h; sourceTree = "<group>"; };
		E1C6994515C0361200AD27B2 /* Static.cpp */ = {isa = PBXFileReference; fileEncoding = 4; lastKnownFileType = sourcecode.cpp.cpp; path = Static.cpp; sourceTree = "<group>"; };
		E1C6994615C0361200AD27B2 /* StopWatch.cpp */ = {isa = PBXFileReference; fileEncoding = 4; lastKnownFileType = sourcecode.cpp.cpp; path = StopWatch.cpp; sourceTree = "<group>"; };
		E1C6994715C0361200AD27B2 /* StopWatch.h */ = {isa = PBXFileReference; fileEncoding = 4; lastKnownFileType = sourcecode.c.h; path = StopWatch.h; sourceTree = "<group>"; };
		E1C6994815C0361200AD27B2 /* String8.cpp */ = {isa = PBXFileReference; fileEncoding = 4; lastKnownFileType = sourcecode.cpp.cpp; path = String8.cpp; sourceTree = "<group>"; };
		E1C6994915C0361200AD27B2 /* String8.h */ = {isa = PBXFileReference; fileEncoding = 4; lastKnownFileType = sourcecode.c.h; path = String8.h; sourceTree = "<group>"; };
		E1C6994A15C0361200AD27B2 /* String16.cpp */ = {isa = PBXFileReference; fileEncoding = 4; lastKnownFileType = sourcecode.cpp.cpp; path = String16.cpp; sourceTree = "<group>"; };
		E1C6994B15C0361200AD27B2 /* String16.h */ = {isa = PBXFileReference; fileEncoding = 4; lastKnownFileType = sourcecode.c.h; path = String16.h; sourceTree = "<group>"; };
		E1C6994C15C0361200AD27B2 /* StringArray.cpp */ = {isa = PBXFileReference; fileEncoding = 4; lastKnownFileType = sourcecode.cpp.cpp; path = StringArray.cpp; sourceTree = "<group>"; };
		E1C6994D15C0361200AD27B2 /* StringArray.h */ = {isa = PBXFileReference; fileEncoding = 4; lastKnownFileType = sourcecode.c.h; path = StringArray.h; sourceTree = "<group>"; };
		E1C6994E15C0361200AD27B2 /* StrongPointer.h */ = {isa = PBXFileReference; fileEncoding = 4; lastKnownFileType = sourcecode.c.h; path = StrongPointer.h; sourceTree = "<group>"; };
		E1C6994F15C0361200AD27B2 /* SystemClock.cpp */ = {isa = PBXFileReference; fileEncoding = 4; lastKnownFileType = sourcecode.cpp.cpp; path = SystemClock.cpp; sourceTree = "<group>"; };
		E1C6995015C0361200AD27B2 /* SystemClock.h */ = {isa = PBXFileReference; fileEncoding = 4; lastKnownFileType = sourcecode.c.h; path = SystemClock.h; sourceTree = "<group>"; };
		E1C6995B15C0361200AD27B2 /* TextOutput.cpp */ = {isa = PBXFileReference; fileEncoding = 4; lastKnownFileType = sourcecode.cpp.cpp; path = TextOutput.cpp; sourceTree = "<group>"; };
		E1C6995C15C0361200AD27B2 /* TextOutput.h */ = {isa = PBXFileReference; fileEncoding = 4; lastKnownFileType = sourcecode.c.h; path = TextOutput.h; sourceTree = "<group>"; };
		E1C6995D15C0361200AD27B2 /* Thread.h */ = {isa = PBXFileReference; fileEncoding = 4; lastKnownFileType = sourcecode.c.h; path = Thread.h; sourceTree = "<group>"; };
		E1C6995E15C0361200AD27B2 /* ThreadDefs.h */ = {isa = PBXFileReference; fileEncoding = 4; lastKnownFileType = sourcecode.c.h; path = ThreadDefs.h; sourceTree = "<group>"; };
		E1C6995F15C0361200AD27B2 /* Threads.cpp */ = {isa = PBXFileReference; fileEncoding = 4; lastKnownFileType = sourcecode.cpp.cpp; path = Threads.cpp; sourceTree = "<group>"; };
		E1C6996015C0361200AD27B2 /* threads.h */ = {isa = PBXFileReference; fileEncoding = 4; lastKnownFileType = sourcecode.c.h; path = threads.h; sourceTree = "<group>"; };
		E1C6996115C0361200AD27B2 /* Timers.cpp */ = {isa = PBXFileReference; fileEncoding = 4; lastKnownFileType = sourcecode.cpp.cpp; path = Timers.cpp; sourceTree = "<group>"; };
		E1C6996215C0361200AD27B2 /* Timers.h */ = {isa = PBXFileReference; fileEncoding = 4; lastKnownFileType = sourcecode.c.h; path = Timers.h; sourceTree = "<group>"; };
		E1C6996315C0361200AD27B2 /* Tokenizer.cpp */ = {isa = PBXFileReference; fileEncoding = 4; lastKnownFileType = sourcecode.cpp.cpp; path = Tokenizer.cpp; sourceTree = "<group>"; };
		E1C6996415C0361200AD27B2 /* Tokenizer.h */ = {isa = PBXFileReference; fileEncoding = 4; lastKnownFileType = sourcecode.c.h; path = Tokenizer.h; sourceTree = "<group>"; };
		E1C6996515C0361200AD27B2 /* Trace.cpp */ = {isa = PBXFileReference; fileEncoding = 4; lastKnownFileType = sourcecode.cpp.cpp; path = Trace.cpp; sourceTree = "<group>"; };
		E1C6996615C0361200AD27B2 /* Trace.h */ = {isa = PBXFileReference; fileEncoding = 4; lastKnownFileType = sourcecode.c.h; path = Trace.h; sourceTree = "<group>"; };
		E1C6996715C0361200AD27B2 /* TypeHelpers.h */ = {isa = PBXFileReference; fileEncoding = 4; lastKnownFileType = sourcecode.c.h; path = TypeHelpers.h; sourceTree = "<group>"; };
		E1C6996815C0361200AD27B2 /* Unicode.cpp */ = {isa = PBXFileReference; fileEncoding = 4; lastKnownFileType = sourcecode.cpp.cpp; path = Unicode.cpp; sourceTree = "<group>"; };
		E1C6996915C0361200AD27B2 /* Unicode.h */ = {isa = PBXFileReference; fileEncoding = 4; lastKnownFileType = sourcecode.c.h; path = Unicode.h; sourceTree = "<group>"; };
		E1C6996A15C0361200AD27B2 /* UniquePtr.h */ = {isa = PBXFileReference; fileEncoding = 4; lastKnownFileType = sourcecode.c.h; path = UniquePtr.h; sourceTree = "<group>"; };
		E1C6996B15C0361200AD27B2 /* Vector.h */ = {isa = PBXFileReference; fileEncoding = 4; lastKnownFileType = sourcecode.c.h; path = Vector.h; sourceTree = "<group>"; };
		E1C6996C15C0361200AD27B2 /* VectorImpl.cpp */ = {isa = PBXFileReference; fileEncoding = 4; lastKnownFileType = sourcecode.cpp.cpp; path = VectorImpl.cpp; sourceTree = "<group>"; };
		E1C6996D15C0361200AD27B2 /* VectorImpl.h */ = {isa = PBXFileReference; fileEncoding = 4; lastKnownFileType = sourcecode.c.h; path = VectorImpl.h; sourceTree = "<group>"; };
		E1C6996E15C0361200AD27B2 /* WorkQueue.cpp */ = {isa = PBXFileReference; fileEncoding = 4; lastKnownFileType = sourcecode.cpp.cpp; path = WorkQueue.cpp; sourceTree = "<group>"; };
		E1C6996F15C0361200AD27B2 /* WorkQueue.h */ = {isa = PBXFileReference; fileEncoding = 4; lastKnownFileType = sourcecode.c.h; path = WorkQueue.h; sourceTree = "<group>"; };
		E1C6997015C0361200AD27B2 /* ZipFileCRO.cpp */ = {isa = PBXFileReference; fileEncoding = 4; lastKnownFileType = sourcecode.cpp.cpp; path = ZipFileCRO.cpp; sourceTree = "<group>"; };
		E1C6997115C0361200AD27B2 /* ZipFileCRO.h */ = {isa = PBXFileReference; fileEncoding = 4; lastKnownFileType = sourcecode.c.h; path = ZipFileCRO.h; sourceTree = "<group>"; };
		E1C6997215C0361200AD27B2 /* ZipFileRO.cpp */ = {isa = PBXFileReference; fileEncoding = 4; lastKnownFileType = sourcecode.cpp.cpp; path = ZipFileRO.cpp; sourceTree = "<group>"; };
		E1C6997315C0361200AD27B2 /* ZipFileRO.h */ = {isa = PBXFileReference; fileEncoding = 4; lastKnownFileType = sourcecode.c.h; path = ZipFileRO.h; sourceTree = "<group>"; };
		E1C6997415C0361200AD27B2 /* ZipUtils.cpp */ = {isa = PBXFileReference; fileEncoding = 4; lastKnownFileType = sourcecode.cpp.cpp; path = ZipUtils.cpp; sourceTree = "<group>"; };
		E1C6997515C0361200AD27B2 /* ZipUtils.h */ = {isa = PBXFileReference; fileEncoding = 4; lastKnownFileType = sourcecode.c.h; path = ZipUtils.h; sourceTree = "<group>"; };
/* End PBXFileReference section */

/* Begin PBXFrameworksBuildPhase section */
		E1C6964515BF6D1A00AD27B2 /* Frameworks */ = {
			isa = PBXFrameworksBuildPhase;
			buildActionMask = 2147483647;
			files = (
				E1C6964C15BF6D1A00AD27B2 /* Foundation.framework in Frameworks */,
			);
			runOnlyForDeploymentPostprocessing = 0;
		};
		E1C6965415BF6D1B00AD27B2 /* Frameworks */ = {
			isa = PBXFrameworksBuildPhase;
			buildActionMask = 2147483647;
			files = (
				E1C6965A15BF6D1B00AD27B2 /* SenTestingKit.framework in Frameworks */,
				E1C6965C15BF6D1B00AD27B2 /* UIKit.framework in Frameworks */,
				E1C6965D15BF6D1B00AD27B2 /* Foundation.framework in Frameworks */,
				E1C6966015BF6D1B00AD27B2 /* libfoundation.a in Frameworks */,
			);
			runOnlyForDeploymentPostprocessing = 0;
		};
/* End PBXFrameworksBuildPhase section */

/* Begin PBXGroup section */
		E1C6963D15BF6D1A00AD27B2 = {
			isa = PBXGroup;
			children = (
				E1C6964D15BF6D1A00AD27B2 /* foundation */,
				E1C6966115BF6D1B00AD27B2 /* foundationTests */,
				E1C6964A15BF6D1A00AD27B2 /* Frameworks */,
				E1C6964915BF6D1A00AD27B2 /* Products */,
			);
			sourceTree = "<group>";
		};
		E1C6964915BF6D1A00AD27B2 /* Products */ = {
			isa = PBXGroup;
			children = (
				E1C6964815BF6D1A00AD27B2 /* libfoundation.a */,
				E1C6965815BF6D1B00AD27B2 /* foundationTests.octest */,
			);
			name = Products;
			sourceTree = "<group>";
		};
		E1C6964A15BF6D1A00AD27B2 /* Frameworks */ = {
			isa = PBXGroup;
			children = (
				E1C6964B15BF6D1A00AD27B2 /* Foundation.framework */,
				E1C6965915BF6D1B00AD27B2 /* SenTestingKit.framework */,
				E1C6965B15BF6D1B00AD27B2 /* UIKit.framework */,
			);
			name = Frameworks;
			sourceTree = "<group>";
		};
		E1C6964D15BF6D1A00AD27B2 /* foundation */ = {
			isa = PBXGroup;
			children = (
				E1C6976615C020B800AD27B2 /* foundation */,
				E1C6971215C020A200AD27B2 /* utils */,
				E1C6965015BF6D1A00AD27B2 /* foundation.h */,
				E1C6965115BF6D1A00AD27B2 /* foundation.m */,
				E1C6964E15BF6D1A00AD27B2 /* Supporting Files */,
			);
			path = foundation;
			sourceTree = "<group>";
		};
		E1C6964E15BF6D1A00AD27B2 /* Supporting Files */ = {
			isa = PBXGroup;
			children = (
				E1C6964F15BF6D1A00AD27B2 /* foundation-Prefix.pch */,
			);
			name = "Supporting Files";
			sourceTree = "<group>";
		};
		E1C6966115BF6D1B00AD27B2 /* foundationTests */ = {
			isa = PBXGroup;
			children = (
				E1C6966715BF6D1B00AD27B2 /* foundationTests.h */,
				E1C6966815BF6D1B00AD27B2 /* foundationTests.m */,
				E1C6966215BF6D1B00AD27B2 /* Supporting Files */,
			);
			path = foundationTests;
			sourceTree = "<group>";
		};
		E1C6966215BF6D1B00AD27B2 /* Supporting Files */ = {
			isa = PBXGroup;
			children = (
				E1C6966315BF6D1B00AD27B2 /* foundationTests-Info.plist */,
				E1C6966415BF6D1B00AD27B2 /* InfoPlist.strings */,
			);
			name = "Supporting Files";
			sourceTree = "<group>";
		};
		E1C6971215C020A200AD27B2 /* utils */ = {
			isa = PBXGroup;
			children = (
				E1C6991415C0361200AD27B2 /* Android.mk */,
				E1C6991515C0361200AD27B2 /* AndroidThreads.h */,
				E1C6991615C0361200AD27B2 /* ashmem.h */,
				E1C6991715C0361200AD27B2 /* Atomic.h */,
				E1C6991815C0361200AD27B2 /* BasicHashtable.cpp */,
				E1C6991915C0361200AD27B2 /* BasicHashtable.h */,
				E1C6991A15C0361200AD27B2 /* BitSet.h */,
				E1C6991B15C0361200AD27B2 /* BlobCache.cpp */,
				E1C6991C15C0361200AD27B2 /* BlobCache.h */,
				E1C6991D15C0361200AD27B2 /* BufferedTextOutput.cpp */,
				E1C6991E15C0361200AD27B2 /* BufferedTextOutput.h */,
				E1C6991F15C0361200AD27B2 /* ByteOrder.h */,
				E1C6992015C0361200AD27B2 /* CallStack.cpp */,
				E1C6992115C0361200AD27B2 /* CallStack.h */,
				E1C6992215C0361200AD27B2 /* Compat.h */,
				E1C6992315C0361200AD27B2 /* Condition.h */,
				E1C6992415C0361200AD27B2 /* Debug.cpp */,
				E1C6992515C0361200AD27B2 /* Debug.h */,
				E1C6992615C0361200AD27B2 /* Endian.h */,
				E1C6992715C0361200AD27B2 /* Errors.h */,
				E1C6992815C0361200AD27B2 /* FileMap.cpp */,
				E1C6992915C0361200AD27B2 /* FileMap.h */,
				E1C6992A15C0361200AD27B2 /* Flattenable.cpp */,
				E1C6992B15C0361200AD27B2 /* Flattenable.h */,
				E1C6992C15C0361200AD27B2 /* Functor.h */,
				E1C6992D15C0361200AD27B2 /* GenerationCache.h */,
				E1C6992E15C0361200AD27B2 /* KeyedVector.h */,
				E1C6992F15C0361200AD27B2 /* LinearTransform.cpp */,
				E1C6993015C0361200AD27B2 /* LinearTransform.h */,
				E1C6993115C0361200AD27B2 /* List.h */,
				E1C6993215C0361200AD27B2 /* Log.h */,
				E1C6993315C0361200AD27B2 /* Looper.cpp */,
				E1C6993415C0361200AD27B2 /* Looper.h */,
				E1C6993515C0361200AD27B2 /* misc.cpp */,
				E1C6993615C0361200AD27B2 /* misc.h */,
				E1C6993715C0361200AD27B2 /* MODULE_LICENSE_APACHE2 */,
				E1C6993815C0361200AD27B2 /* Mutex.h */,
				E1C6993915C0361200AD27B2 /* NOTICE */,
				E1C6993A15C0361200AD27B2 /* primes.py */,
				E1C6993B15C0361200AD27B2 /* PropertyMap.cpp */,
				E1C6993C15C0361200AD27B2 /* PropertyMap.h */,
				E1C6993D15C0361200AD27B2 /* README */,
				E1C6993E15C0361200AD27B2 /* RefBase.cpp */,
				E1C6993F15C0361200AD27B2 /* RefBase.h */,
				E1C6994015C0361200AD27B2 /* RWLock.h */,
				E1C6994115C0361200AD27B2 /* SharedBuffer.cpp */,
				E1C6994215C0361200AD27B2 /* SharedBuffer.h */,
				E1C6994315C0361200AD27B2 /* Singleton.h */,
				E1C6994415C0361200AD27B2 /* SortedVector.h */,
				E1C6994515C0361200AD27B2 /* Static.cpp */,
				E1C6994615C0361200AD27B2 /* StopWatch.cpp */,
				E1C6994715C0361200AD27B2 /* StopWatch.h */,
				E1C6994815C0361200AD27B2 /* String8.cpp */,
				E1C6994915C0361200AD27B2 /* String8.h */,
				E1C6994A15C0361200AD27B2 /* String16.cpp */,
				E1C6994B15C0361200AD27B2 /* String16.h */,
				E1C6994C15C0361200AD27B2 /* StringArray.cpp */,
				E1C6994D15C0361200AD27B2 /* StringArray.h */,
				E1C6994E15C0361200AD27B2 /* StrongPointer.h */,
				E1C6994F15C0361200AD27B2 /* SystemClock.cpp */,
				E1C6995015C0361200AD27B2 /* SystemClock.h */,
				E1C6995B15C0361200AD27B2 /* TextOutput.cpp */,
				E1C6995C15C0361200AD27B2 /* TextOutput.h */,
				E1C6995D15C0361200AD27B2 /* Thread.h */,
				E1C6995E15C0361200AD27B2 /* ThreadDefs.h */,
				E1C6995F15C0361200AD27B2 /* Threads.cpp */,
				E1C6996015C0361200AD27B2 /* threads.h */,
				E1C6996115C0361200AD27B2 /* Timers.cpp */,
				E1C6996215C0361200AD27B2 /* Timers.h */,
				E1C6996315C0361200AD27B2 /* Tokenizer.cpp */,
				E1C6996415C0361200AD27B2 /* Tokenizer.h */,
				E1C6996515C0361200AD27B2 /* Trace.cpp */,
				E1C6996615C0361200AD27B2 /* Trace.h */,
				E1C6996715C0361200AD27B2 /* TypeHelpers.h */,
				E1C6996815C0361200AD27B2 /* Unicode.cpp */,
				E1C6996915C0361200AD27B2 /* Unicode.h */,
				E1C6996A15C0361200AD27B2 /* UniquePtr.h */,
				E1C6996B15C0361200AD27B2 /* Vector.h */,
				E1C6996C15C0361200AD27B2 /* VectorImpl.cpp */,
				E1C6996D15C0361200AD27B2 /* VectorImpl.h */,
				E1C6996E15C0361200AD27B2 /* WorkQueue.cpp */,
				E1C6996F15C0361200AD27B2 /* WorkQueue.h */,
				E1C6997015C0361200AD27B2 /* ZipFileCRO.cpp */,
				E1C6997115C0361200AD27B2 /* ZipFileCRO.h */,
				E1C6997215C0361200AD27B2 /* ZipFileRO.cpp */,
				E1C6997315C0361200AD27B2 /* ZipFileRO.h */,
				E1C6997415C0361200AD27B2 /* ZipUtils.cpp */,
				E1C6997515C0361200AD27B2 /* ZipUtils.h */,
			);
			path = utils;
			sourceTree = "<group>";
		};
		E1C6976615C020B800AD27B2 /* foundation */ = {
			isa = PBXGroup;
			children = (
				E1C698DF15C035F400AD27B2 /* AAtomizer.cpp */,
				E1C698E015C035F400AD27B2 /* AAtomizer.h */,
				E1C698E115C035F400AD27B2 /* ABase.h */,
				E1C698E215C035F400AD27B2 /* ABitReader.cpp */,
				E1C698E315C035F400AD27B2 /* ABitReader.h */,
				E1C698E415C035F400AD27B2 /* ABuffer.cpp */,
				E1C698E515C035F400AD27B2 /* ABuffer.h */,
				E1C698E615C035F400AD27B2 /* ADebug.h */,
				E1C698E715C035F400AD27B2 /* AHandler.cpp */,
				E1C698E815C035F400AD27B2 /* AHandler.h */,
				E1C698E915C035F400AD27B2 /* AHandlerReflector.h */,
				E1C698EA15C035F400AD27B2 /* AHierarchicalStateMachine.cpp */,
				E1C698EB15C035F400AD27B2 /* AHierarchicalStateMachine.h */,
				E1C698EC15C035F400AD27B2 /* ALooper.cpp */,
				E1C698ED15C035F400AD27B2 /* ALooper.h */,
				E1C698EE15C035F400AD27B2 /* ALooperRoster.cpp */,
				E1C698EF15C035F400AD27B2 /* ALooperRoster.h */,
				E1C698F015C035F400AD27B2 /* AMessage.cpp */,
				E1C698F115C035F400AD27B2 /* AMessage.h */,
				E1C698F215C035F400AD27B2 /* Android.mk */,
				E1C698F315C035F400AD27B2 /* AString.cpp */,
				E1C698F415C035F400AD27B2 /* AString.h */,
				E1C698F515C035F400AD27B2 /* base64.cpp */,
				E1C698F615C035F400AD27B2 /* base64.h */,
				E1C698F715C035F400AD27B2 /* hexdump.cpp */,
				E1C698F815C035F400AD27B2 /* hexdump.h */,
				E1C698F915C035F400AD27B2 /* MODULE_LICENSE_APACHE2 */,
				E1C698FA15C035F400AD27B2 /* NOTICE */,
			);
			path = foundation;
			sourceTree = "<group>";
		};
/* End PBXGroup section */

/* Begin PBXHeadersBuildPhase section */
		E1C6964615BF6D1A00AD27B2 /* Headers */ = {
			isa = PBXHeadersBuildPhase;
			buildActionMask = 2147483647;
			files = (
				E1C698FC15C035F400AD27B2 /* AAtomizer.h in Headers */,
				E1C698FD15C035F400AD27B2 /* ABase.h in Headers */,
				E1C698FF15C035F400AD27B2 /* ABitReader.h in Headers */,
				E1C6990115C035F400AD27B2 /* ABuffer.h in Headers */,
				E1C6990215C035F400AD27B2 /* ADebug.h in Headers */,
				E1C6990415C035F400AD27B2 /* AHandler.h in Headers */,
				E1C6990515C035F400AD27B2 /* AHandlerReflector.h in Headers */,
				E1C6990715C035F400AD27B2 /* AHierarchicalStateMachine.h in Headers */,
				E1C6990915C035F400AD27B2 /* ALooper.h in Headers */,
				E1C6990B15C035F400AD27B2 /* ALooperRoster.h in Headers */,
				E1C6990D15C035F400AD27B2 /* AMessage.h in Headers */,
				E1C6990F15C035F400AD27B2 /* AString.h in Headers */,
				E1C6991115C035F400AD27B2 /* base64.h in Headers */,
				E1C6991315C035F400AD27B2 /* hexdump.h in Headers */,
				E1C6997615C0361200AD27B2 /* AndroidThreads.h in Headers */,
				E1C6997715C0361200AD27B2 /* ashmem.h in Headers */,
				E1C6997815C0361200AD27B2 /* Atomic.h in Headers */,
				E1C6997A15C0361200AD27B2 /* BasicHashtable.h in Headers */,
				E1C6997B15C0361200AD27B2 /* BitSet.h in Headers */,
				E1C6997D15C0361200AD27B2 /* BlobCache.h in Headers */,
				E1C6997F15C0361200AD27B2 /* BufferedTextOutput.h in Headers */,
				E1C6998015C0361200AD27B2 /* ByteOrder.h in Headers */,
				E1C6998215C0361200AD27B2 /* CallStack.h in Headers */,
				E1C6998315C0361200AD27B2 /* Compat.h in Headers */,
				E1C6998415C0361200AD27B2 /* Condition.h in Headers */,
				E1C6998615C0361200AD27B2 /* Debug.h in Headers */,
				E1C6998715C0361200AD27B2 /* Endian.h in Headers */,
				E1C6998815C0361200AD27B2 /* Errors.h in Headers */,
				E1C6998A15C0361200AD27B2 /* FileMap.h in Headers */,
				E1C6998C15C0361300AD27B2 /* Flattenable.h in Headers */,
				E1C6998D15C0361300AD27B2 /* Functor.h in Headers */,
				E1C6998E15C0361300AD27B2 /* GenerationCache.h in Headers */,
				E1C6998F15C0361300AD27B2 /* KeyedVector.h in Headers */,
				E1C6999115C0361300AD27B2 /* LinearTransform.h in Headers */,
				E1C6999215C0361300AD27B2 /* List.h in Headers */,
				E1C6999315C0361300AD27B2 /* Log.h in Headers */,
				E1C6999515C0361300AD27B2 /* Looper.h in Headers */,
				E1C6999715C0361300AD27B2 /* misc.h in Headers */,
				E1C6999815C0361300AD27B2 /* Mutex.h in Headers */,
				E1C6999A15C0361300AD27B2 /* PropertyMap.h in Headers */,
				E1C6999C15C0361300AD27B2 /* RefBase.h in Headers */,
				E1C6999D15C0361300AD27B2 /* RWLock.h in Headers */,
				E1C6999F15C0361300AD27B2 /* SharedBuffer.h in Headers */,
				E1C699A015C0361300AD27B2 /* Singleton.h in Headers */,
				E1C699A115C0361300AD27B2 /* SortedVector.h in Headers */,
				E1C699A415C0361300AD27B2 /* StopWatch.h in Headers */,
				E1C699A615C0361300AD27B2 /* String8.h in Headers */,
				E1C699A815C0361300AD27B2 /* String16.h in Headers */,
				E1C699AA15C0361300AD27B2 /* StringArray.h in Headers */,
				E1C699AB15C0361300AD27B2 /* StrongPointer.h in Headers */,
				E1C699AD15C0361300AD27B2 /* SystemClock.h in Headers */,
				E1C699B715C0361300AD27B2 /* TextOutput.h in Headers */,
				E1C699B815C0361300AD27B2 /* Thread.h in Headers */,
				E1C699B915C0361300AD27B2 /* ThreadDefs.h in Headers */,
				E1C699BB15C0361300AD27B2 /* threads.h in Headers */,
				E1C699BD15C0361300AD27B2 /* Timers.h in Headers */,
				E1C699BF15C0361300AD27B2 /* Tokenizer.h in Headers */,
				E1C699C115C0361300AD27B2 /* Trace.h in Headers */,
				E1C699C215C0361300AD27B2 /* TypeHelpers.h in Headers */,
				E1C699C415C0361300AD27B2 /* Unicode.h in Headers */,
				E1C699C515C0361300AD27B2 /* UniquePtr.h in Headers */,
				E1C699C615C0361300AD27B2 /* Vector.h in Headers */,
				E1C699C815C0361300AD27B2 /* VectorImpl.h in Headers */,
				E1C699CA15C0361300AD27B2 /* WorkQueue.h in Headers */,
				E1C699CC15C0361300AD27B2 /* ZipFileCRO.h in Headers */,
				E1C699CE15C0361300AD27B2 /* ZipFileRO.h in Headers */,
				E1C699D015C0361300AD27B2 /* ZipUtils.h in Headers */,
			);
			runOnlyForDeploymentPostprocessing = 0;
		};
/* End PBXHeadersBuildPhase section */

/* Begin PBXNativeTarget section */
		E1C6964715BF6D1A00AD27B2 /* foundation */ = {
			isa = PBXNativeTarget;
			buildConfigurationList = E1C6966C15BF6D1B00AD27B2 /* Build configuration list for PBXNativeTarget "foundation" */;
			buildPhases = (
				E1C6964415BF6D1A00AD27B2 /* Sources */,
				E1C6964515BF6D1A00AD27B2 /* Frameworks */,
				E1C6964615BF6D1A00AD27B2 /* Headers */,
			);
			buildRules = (
			);
			dependencies = (
			);
			name = foundation;
			productName = foundation;
			productReference = E1C6964815BF6D1A00AD27B2 /* libfoundation.a */;
			productType = "com.apple.product-type.library.static";
		};
		E1C6965715BF6D1B00AD27B2 /* foundationTests */ = {
			isa = PBXNativeTarget;
			buildConfigurationList = E1C6966F15BF6D1B00AD27B2 /* Build configuration list for PBXNativeTarget "foundationTests" */;
			buildPhases = (
				E1C6965315BF6D1B00AD27B2 /* Sources */,
				E1C6965415BF6D1B00AD27B2 /* Frameworks */,
				E1C6965515BF6D1B00AD27B2 /* Resources */,
				E1C6965615BF6D1B00AD27B2 /* ShellScript */,
			);
			buildRules = (
			);
			dependencies = (
				E1C6965F15BF6D1B00AD27B2 /* PBXTargetDependency */,
			);
			name = foundationTests;
			productName = foundationTests;
			productReference = E1C6965815BF6D1B00AD27B2 /* foundationTests.octest */;
			productType = "com.apple.product-type.bundle";
		};
/* End PBXNativeTarget section */

/* Begin PBXProject section */
		E1C6963F15BF6D1A00AD27B2 /* Project object */ = {
			isa = PBXProject;
			attributes = {
				LastUpgradeCheck = 0430;
			};
			buildConfigurationList = E1C6964215BF6D1A00AD27B2 /* Build configuration list for PBXProject "foundation" */;
			compatibilityVersion = "Xcode 3.2";
			developmentRegion = English;
			hasScannedForEncodings = 0;
			knownRegions = (
				en,
			);
			mainGroup = E1C6963D15BF6D1A00AD27B2;
			productRefGroup = E1C6964915BF6D1A00AD27B2 /* Products */;
			projectDirPath = "";
			projectRoot = "";
			targets = (
				E1C6964715BF6D1A00AD27B2 /* foundation */,
				E1C6965715BF6D1B00AD27B2 /* foundationTests */,
			);
		};
/* End PBXProject section */

/* Begin PBXResourcesBuildPhase section */
		E1C6965515BF6D1B00AD27B2 /* Resources */ = {
			isa = PBXResourcesBuildPhase;
			buildActionMask = 2147483647;
			files = (
				E1C6966615BF6D1B00AD27B2 /* InfoPlist.strings in Resources */,
			);
			runOnlyForDeploymentPostprocessing = 0;
		};
/* End PBXResourcesBuildPhase section */

/* Begin PBXShellScriptBuildPhase section */
		E1C6965615BF6D1B00AD27B2 /* ShellScript */ = {
			isa = PBXShellScriptBuildPhase;
			buildActionMask = 2147483647;
			files = (
			);
			inputPaths = (
			);
			outputPaths = (
			);
			runOnlyForDeploymentPostprocessing = 0;
			shellPath = /bin/sh;
			shellScript = "# Run the unit tests in this test bundle.\n\"${SYSTEM_DEVELOPER_DIR}/Tools/RunUnitTests\"\n";
		};
/* End PBXShellScriptBuildPhase section */

/* Begin PBXSourcesBuildPhase section */
		E1C6964415BF6D1A00AD27B2 /* Sources */ = {
			isa = PBXSourcesBuildPhase;
			buildActionMask = 2147483647;
			files = (
				E1C6965215BF6D1A00AD27B2 /* foundation.m in Sources */,
				E1C698FB15C035F400AD27B2 /* AAtomizer.cpp in Sources */,
				E1C698FE15C035F400AD27B2 /* ABitReader.cpp in Sources */,
				E1C6990015C035F400AD27B2 /* ABuffer.cpp in Sources */,
				E1C6990315C035F400AD27B2 /* AHandler.cpp in Sources */,
				E1C6990615C035F400AD27B2 /* AHierarchicalStateMachine.cpp in Sources */,
				E1C6990815C035F400AD27B2 /* ALooper.cpp in Sources */,
				E1C6990A15C035F400AD27B2 /* ALooperRoster.cpp in Sources */,
				E1C6990C15C035F400AD27B2 /* AMessage.cpp in Sources */,
				E1C6990E15C035F400AD27B2 /* AString.cpp in Sources */,
				E1C6991015C035F400AD27B2 /* base64.cpp in Sources */,
				E1C6991215C035F400AD27B2 /* hexdump.cpp in Sources */,
				E1C6997915C0361200AD27B2 /* BasicHashtable.cpp in Sources */,
				E1C6997C15C0361200AD27B2 /* BlobCache.cpp in Sources */,
				E1C6997E15C0361200AD27B2 /* BufferedTextOutput.cpp in Sources */,
				E1C6998115C0361200AD27B2 /* CallStack.cpp in Sources */,
				E1C6998515C0361200AD27B2 /* Debug.cpp in Sources */,
				E1C6998915C0361200AD27B2 /* FileMap.cpp in Sources */,
				E1C6998B15C0361300AD27B2 /* Flattenable.cpp in Sources */,
				E1C6999015C0361300AD27B2 /* LinearTransform.cpp in Sources */,
				E1C6999415C0361300AD27B2 /* Looper.cpp in Sources */,
				E1C6999615C0361300AD27B2 /* misc.cpp in Sources */,
				E1C6999915C0361300AD27B2 /* PropertyMap.cpp in Sources */,
				E1C6999B15C0361300AD27B2 /* RefBase.cpp in Sources */,
				E1C6999E15C0361300AD27B2 /* SharedBuffer.cpp in Sources */,
				E1C699A215C0361300AD27B2 /* Static.cpp in Sources */,
				E1C699A315C0361300AD27B2 /* StopWatch.cpp in Sources */,
				E1C699A515C0361300AD27B2 /* String8.cpp in Sources */,
				E1C699A715C0361300AD27B2 /* String16.cpp in Sources */,
				E1C699A915C0361300AD27B2 /* StringArray.cpp in Sources */,
				E1C699AC15C0361300AD27B2 /* SystemClock.cpp in Sources */,
				E1C699B615C0361300AD27B2 /* TextOutput.cpp in Sources */,
				E1C699BA15C0361300AD27B2 /* Threads.cpp in Sources */,
				E1C699BC15C0361300AD27B2 /* Timers.cpp in Sources */,
				E1C699BE15C0361300AD27B2 /* Tokenizer.cpp in Sources */,
				E1C699C015C0361300AD27B2 /* Trace.cpp in Sources */,
				E1C699C315C0361300AD27B2 /* Unicode.cpp in Sources */,
				E1C699C715C0361300AD27B2 /* VectorImpl.cpp in Sources */,
				E1C699C915C0361300AD27B2 /* WorkQueue.cpp in Sources */,
				E1C699CB15C0361300AD27B2 /* ZipFileCRO.cpp in Sources */,
				E1C699CD15C0361300AD27B2 /* ZipFileRO.cpp in Sources */,
				E1C699CF15C0361300AD27B2 /* ZipUtils.cpp in Sources */,
			);
			runOnlyForDeploymentPostprocessing = 0;
		};
		E1C6965315BF6D1B00AD27B2 /* Sources */ = {
			isa = PBXSourcesBuildPhase;
			buildActionMask = 2147483647;
			files = (
				E1C6966915BF6D1B00AD27B2 /* foundationTests.m in Sources */,
			);
			runOnlyForDeploymentPostprocessing = 0;
		};
/* End PBXSourcesBuildPhase section */

/* Begin PBXTargetDependency section */
		E1C6965F15BF6D1B00AD27B2 /* PBXTargetDependency */ = {
			isa = PBXTargetDependency;
			target = E1C6964715BF6D1A00AD27B2 /* foundation */;
			targetProxy = E1C6965E15BF6D1B00AD27B2 /* PBXContainerItemProxy */;
		};
/* End PBXTargetDependency section */

/* Begin PBXVariantGroup section */
		E1C6966415BF6D1B00AD27B2 /* InfoPlist.strings */ = {
			isa = PBXVariantGroup;
			children = (
				E1C6966515BF6D1B00AD27B2 /* en */,
			);
			name = InfoPlist.strings;
			sourceTree = "<group>";
		};
/* End PBXVariantGroup section */

/* Begin XCBuildConfiguration section */
		E1C6966A15BF6D1B00AD27B2 /* Debug */ = {
			isa = XCBuildConfiguration;
			buildSettings = {
				ALWAYS_SEARCH_USER_PATHS = NO;
				ARCHS = "$(ARCHS_STANDARD_32_BIT)";
				CLANG_ENABLE_OBJC_ARC = YES;
				COPY_PHASE_STRIP = NO;
				GCC_C_LANGUAGE_STANDARD = gnu99;
				GCC_DYNAMIC_NO_PIC = NO;
				GCC_OPTIMIZATION_LEVEL = 0;
				GCC_PREPROCESSOR_DEFINITIONS = (
					"DEBUG=1",
					"$(inherited)",
				);
				GCC_SYMBOLS_PRIVATE_EXTERN = NO;
				GCC_VERSION = com.apple.compilers.llvm.clang.1_0;
				GCC_WARN_ABOUT_RETURN_TYPE = YES;
				GCC_WARN_UNINITIALIZED_AUTOS = YES;
				GCC_WARN_UNUSED_VARIABLE = YES;
				IPHONEOS_DEPLOYMENT_TARGET = 5.1;
				SDKROOT = iphoneos;
			};
			name = Debug;
		};
		E1C6966B15BF6D1B00AD27B2 /* Release */ = {
			isa = XCBuildConfiguration;
			buildSettings = {
				ALWAYS_SEARCH_USER_PATHS = NO;
				ARCHS = "$(ARCHS_STANDARD_32_BIT)";
				CLANG_ENABLE_OBJC_ARC = YES;
				COPY_PHASE_STRIP = YES;
				GCC_C_LANGUAGE_STANDARD = gnu99;
				GCC_VERSION = com.apple.compilers.llvm.clang.1_0;
				GCC_WARN_ABOUT_RETURN_TYPE = YES;
				GCC_WARN_UNINITIALIZED_AUTOS = YES;
				GCC_WARN_UNUSED_VARIABLE = YES;
				IPHONEOS_DEPLOYMENT_TARGET = 5.1;
				SDKROOT = iphoneos;
				VALIDATE_PRODUCT = YES;
			};
			name = Release;
		};
		E1C6966D15BF6D1B00AD27B2 /* Debug */ = {
			isa = XCBuildConfiguration;
			buildSettings = {
				DSTROOT = /tmp/foundation.dst;
				GCC_PRECOMPILE_PREFIX_HEADER = YES;
				GCC_PREFIX_HEADER = "foundation/foundation-Prefix.pch";
				OTHER_LDFLAGS = "-ObjC";
				PRODUCT_NAME = "$(TARGET_NAME)";
				SKIP_INSTALL = YES;
				USER_HEADER_SEARCH_PATHS = "";
			};
			name = Debug;
		};
		E1C6966E15BF6D1B00AD27B2 /* Release */ = {
			isa = XCBuildConfiguration;
			buildSettings = {
				DSTROOT = /tmp/foundation.dst;
				GCC_PRECOMPILE_PREFIX_HEADER = YES;
				GCC_PREFIX_HEADER = "foundation/foundation-Prefix.pch";
				OTHER_LDFLAGS = "-ObjC";
				PRODUCT_NAME = "$(TARGET_NAME)";
				SKIP_INSTALL = YES;
				USER_HEADER_SEARCH_PATHS = "";
			};
			name = Release;
		};
		E1C6967015BF6D1B00AD27B2 /* Debug */ = {
			isa = XCBuildConfiguration;
			buildSettings = {
				FRAMEWORK_SEARCH_PATHS = (
					"$(SDKROOT)/Developer/Library/Frameworks",
					"$(DEVELOPER_LIBRARY_DIR)/Frameworks",
				);
				GCC_PRECOMPILE_PREFIX_HEADER = YES;
				GCC_PREFIX_HEADER = "foundation/foundation-Prefix.pch";
				INFOPLIST_FILE = "foundationTests/foundationTests-Info.plist";
				PRODUCT_NAME = "$(TARGET_NAME)";
				WRAPPER_EXTENSION = octest;
			};
			name = Debug;
		};
		E1C6967115BF6D1B00AD27B2 /* Release */ = {
			isa = XCBuildConfiguration;
			buildSettings = {
				FRAMEWORK_SEARCH_PATHS = (
					"$(SDKROOT)/Developer/Library/Frameworks",
					"$(DEVELOPER_LIBRARY_DIR)/Frameworks",
				);
				GCC_PRECOMPILE_PREFIX_HEADER = YES;
				GCC_PREFIX_HEADER = "foundation/foundation-Prefix.pch";
				INFOPLIST_FILE = "foundationTests/foundationTests-Info.plist";
				PRODUCT_NAME = "$(TARGET_NAME)";
				WRAPPER_EXTENSION = octest;
			};
			name = Release;
		};
/* End XCBuildConfiguration section */

/* Begin XCConfigurationList section */
		E1C6964215BF6D1A00AD27B2 /* Build configuration list for PBXProject "foundation" */ = {
			isa = XCConfigurationList;
			buildConfigurations = (
				E1C6966A15BF6D1B00AD27B2 /* Debug */,
				E1C6966B15BF6D1B00AD27B2 /* Release */,
			);
			defaultConfigurationIsVisible = 0;
			defaultConfigurationName = Release;
		};
		E1C6966C15BF6D1B00AD27B2 /* Build configuration list for PBXNativeTarget "foundation" */ = {
			isa = XCConfigurationList;
			buildConfigurations = (
				E1C6966D15BF6D1B00AD27B2 /* Debug */,
				E1C6966E15BF6D1B00AD27B2 /* Release */,
			);
			defaultConfigurationIsVisible = 0;
		};
		E1C6966F15BF6D1B00AD27B2 /* Build configuration list for PBXNativeTarget "foundationTests" */ = {
			isa = XCConfigurationList;
			buildConfigurations = (
				E1C6967015BF6D1B00AD27B2 /* Debug */,
				E1C6967115BF6D1B00AD27B2 /* Release */,
			);
			defaultConfigurationIsVisible = 0;
		};
/* End XCConfigurationList section */
	};
	rootObject = E1C6963F15BF6D1A00AD27B2 /* Project object */;
}
