// !$*UTF8*$!
{
	archiveVersion = 1;
	classes = {
	};
	objectVersion = 46;
	objects = {

/* Begin PBXBuildFile section */
		E1746D3815C4F0E2000941C7 /* logd_write.c in Sources */ = {isa = PBXBuildFile; fileRef = E1746D3715C4F0E2000941C7 /* logd_write.c */; };
		E1C6964C15BF6D1A00AD27B2 /* Foundation.framework in Frameworks */ = {isa = PBXBuildFile; fileRef = E1C6964B15BF6D1A00AD27B2 /* Foundation.framework */; };
		E1C6965A15BF6D1B00AD27B2 /* SenTestingKit.framework in Frameworks */ = {isa = PBXBuildFile; fileRef = E1C6965915BF6D1B00AD27B2 /* SenTestingKit.framework */; };
		E1C6965C15BF6D1B00AD27B2 /* UIKit.framework in Frameworks */ = {isa = PBXBuildFile; fileRef = E1C6965B15BF6D1B00AD27B2 /* UIKit.framework */; };
		E1C6965D15BF6D1B00AD27B2 /* Foundation.framework in Frameworks */ = {isa = PBXBuildFile; fileRef = E1C6964B15BF6D1A00AD27B2 /* Foundation.framework */; };
		E1C6966015BF6D1B00AD27B2 /* libfoundation.a in Frameworks */ = {isa = PBXBuildFile; fileRef = E1C6964815BF6D1A00AD27B2 /* libfoundation.a */; };
		E1C6966615BF6D1B00AD27B2 /* InfoPlist.strings in Resources */ = {isa = PBXBuildFile; fileRef = E1C6966415BF6D1B00AD27B2 /* InfoPlist.strings */; };
		E1C699F515C20A9800AD27B2 /* AAtomizer.cpp in Sources */ = {isa = PBXBuildFile; fileRef = E1C699F415C20A9800AD27B2 /* AAtomizer.cpp */; };
		E1C69A0815C20AB200AD27B2 /* AAtomizer.h in Headers */ = {isa = PBXBuildFile; fileRef = E1C699F615C20AB200AD27B2 /* AAtomizer.h */; settings = {ATTRIBUTES = (); }; };
		E1C69A0915C20AB200AD27B2 /* ABase.h in Headers */ = {isa = PBXBuildFile; fileRef = E1C699F715C20AB200AD27B2 /* ABase.h */; settings = {ATTRIBUTES = (); }; };
		E1C69A0A15C20AB200AD27B2 /* ABitReader.cpp in Sources */ = {isa = PBXBuildFile; fileRef = E1C699F815C20AB200AD27B2 /* ABitReader.cpp */; };
		E1C69A0B15C20AB200AD27B2 /* ABitReader.h in Headers */ = {isa = PBXBuildFile; fileRef = E1C699F915C20AB200AD27B2 /* ABitReader.h */; settings = {ATTRIBUTES = (); }; };
		E1C69A0C15C20AB200AD27B2 /* ABuffer.cpp in Sources */ = {isa = PBXBuildFile; fileRef = E1C699FA15C20AB200AD27B2 /* ABuffer.cpp */; };
		E1C69A0D15C20AB200AD27B2 /* ABuffer.h in Headers */ = {isa = PBXBuildFile; fileRef = E1C699FB15C20AB200AD27B2 /* ABuffer.h */; settings = {ATTRIBUTES = (); }; };
		E1C69A0E15C20AB200AD27B2 /* ADebug.h in Headers */ = {isa = PBXBuildFile; fileRef = E1C699FC15C20AB200AD27B2 /* ADebug.h */; settings = {ATTRIBUTES = (); }; };
		E1C69A0F15C20AB200AD27B2 /* AHandler.cpp in Sources */ = {isa = PBXBuildFile; fileRef = E1C699FD15C20AB200AD27B2 /* AHandler.cpp */; };
		E1C69A1015C20AB200AD27B2 /* AHandler.h in Headers */ = {isa = PBXBuildFile; fileRef = E1C699FE15C20AB200AD27B2 /* AHandler.h */; settings = {ATTRIBUTES = (); }; };
		E1C69A1115C20AB200AD27B2 /* AHandlerReflector.h in Headers */ = {isa = PBXBuildFile; fileRef = E1C699FF15C20AB200AD27B2 /* AHandlerReflector.h */; settings = {ATTRIBUTES = (); }; };
		E1C69A1215C20AB200AD27B2 /* AHierarchicalStateMachine.cpp in Sources */ = {isa = PBXBuildFile; fileRef = E1C69A0015C20AB200AD27B2 /* AHierarchicalStateMachine.cpp */; };
		E1C69A1315C20AB200AD27B2 /* AHierarchicalStateMachine.h in Headers */ = {isa = PBXBuildFile; fileRef = E1C69A0115C20AB200AD27B2 /* AHierarchicalStateMachine.h */; settings = {ATTRIBUTES = (); }; };
		E1C69A1415C20AB200AD27B2 /* ALooper.cpp in Sources */ = {isa = PBXBuildFile; fileRef = E1C69A0215C20AB200AD27B2 /* ALooper.cpp */; };
		E1C69A1515C20AB200AD27B2 /* ALooper.h in Headers */ = {isa = PBXBuildFile; fileRef = E1C69A0315C20AB200AD27B2 /* ALooper.h */; settings = {ATTRIBUTES = (); }; };
		E1C69A1615C20AB200AD27B2 /* ALooperRoster.cpp in Sources */ = {isa = PBXBuildFile; fileRef = E1C69A0415C20AB200AD27B2 /* ALooperRoster.cpp */; };
		E1C69A1715C20AB200AD27B2 /* ALooperRoster.h in Headers */ = {isa = PBXBuildFile; fileRef = E1C69A0515C20AB200AD27B2 /* ALooperRoster.h */; settings = {ATTRIBUTES = (); }; };
		E1C69A1815C20AB200AD27B2 /* AMessage.cpp in Sources */ = {isa = PBXBuildFile; fileRef = E1C69A0615C20AB200AD27B2 /* AMessage.cpp */; };
		E1C69A1915C20AB200AD27B2 /* AMessage.h in Headers */ = {isa = PBXBuildFile; fileRef = E1C69A0715C20AB200AD27B2 /* AMessage.h */; settings = {ATTRIBUTES = (); }; };
		E1C69A4715C20B0B00AD27B2 /* AndroidThreads.h in Headers */ = {isa = PBXBuildFile; fileRef = E1C69A1A15C20B0B00AD27B2 /* AndroidThreads.h */; settings = {ATTRIBUTES = (); }; };
		E1C69A4815C20B0B00AD27B2 /* AString.cpp in Sources */ = {isa = PBXBuildFile; fileRef = E1C69A1B15C20B0B00AD27B2 /* AString.cpp */; };
		E1C69A4915C20B0B00AD27B2 /* AString.h in Headers */ = {isa = PBXBuildFile; fileRef = E1C69A1C15C20B0B00AD27B2 /* AString.h */; settings = {ATTRIBUTES = (); }; };
		E1C69A4A15C20B0B00AD27B2 /* Atomic.h in Headers */ = {isa = PBXBuildFile; fileRef = E1C69A1D15C20B0B00AD27B2 /* Atomic.h */; settings = {ATTRIBUTES = (); }; };
		E1C69A4B15C20B0B00AD27B2 /* base64.h in Headers */ = {isa = PBXBuildFile; fileRef = E1C69A1E15C20B0B00AD27B2 /* base64.h */; settings = {ATTRIBUTES = (); }; };
		E1C69A4C15C20B0B00AD27B2 /* BasicHashtable.h in Headers */ = {isa = PBXBuildFile; fileRef = E1C69A1F15C20B0B00AD27B2 /* BasicHashtable.h */; settings = {ATTRIBUTES = (); }; };
		E1C69A4D15C20B0B00AD27B2 /* BitSet.h in Headers */ = {isa = PBXBuildFile; fileRef = E1C69A2015C20B0B00AD27B2 /* BitSet.h */; settings = {ATTRIBUTES = (); }; };
		E1C69A4E15C20B0B00AD27B2 /* BlobCache.h in Headers */ = {isa = PBXBuildFile; fileRef = E1C69A2115C20B0B00AD27B2 /* BlobCache.h */; settings = {ATTRIBUTES = (); }; };
		E1C69A4F15C20B0B00AD27B2 /* BufferedTextOutput.h in Headers */ = {isa = PBXBuildFile; fileRef = E1C69A2215C20B0B00AD27B2 /* BufferedTextOutput.h */; settings = {ATTRIBUTES = (); }; };
		E1C69A5015C20B0B00AD27B2 /* ByteOrder.h in Headers */ = {isa = PBXBuildFile; fileRef = E1C69A2315C20B0B00AD27B2 /* ByteOrder.h */; settings = {ATTRIBUTES = (); }; };
		E1C69A5115C20B0B00AD27B2 /* CallStack.h in Headers */ = {isa = PBXBuildFile; fileRef = E1C69A2415C20B0B00AD27B2 /* CallStack.h */; settings = {ATTRIBUTES = (); }; };
		E1C69A5215C20B0B00AD27B2 /* Compat.h in Headers */ = {isa = PBXBuildFile; fileRef = E1C69A2515C20B0B00AD27B2 /* Compat.h */; settings = {ATTRIBUTES = (); }; };
		E1C69A5315C20B0B00AD27B2 /* Condition.h in Headers */ = {isa = PBXBuildFile; fileRef = E1C69A2615C20B0B00AD27B2 /* Condition.h */; settings = {ATTRIBUTES = (); }; };
		E1C69A5415C20B0B00AD27B2 /* Debug.h in Headers */ = {isa = PBXBuildFile; fileRef = E1C69A2715C20B0B00AD27B2 /* Debug.h */; settings = {ATTRIBUTES = (); }; };
		E1C69A5515C20B0B00AD27B2 /* Endian.h in Headers */ = {isa = PBXBuildFile; fileRef = E1C69A2815C20B0B00AD27B2 /* Endian.h */; settings = {ATTRIBUTES = (); }; };
		E1C69A5615C20B0B00AD27B2 /* Errors.h in Headers */ = {isa = PBXBuildFile; fileRef = E1C69A2915C20B0B00AD27B2 /* Errors.h */; settings = {ATTRIBUTES = (); }; };
		E1C69A5715C20B0B00AD27B2 /* FileMap.h in Headers */ = {isa = PBXBuildFile; fileRef = E1C69A2A15C20B0B00AD27B2 /* FileMap.h */; settings = {ATTRIBUTES = (); }; };
		E1C69A5815C20B0B00AD27B2 /* Flattenable.h in Headers */ = {isa = PBXBuildFile; fileRef = E1C69A2B15C20B0B00AD27B2 /* Flattenable.h */; settings = {ATTRIBUTES = (); }; };
		E1C69A5915C20B0B00AD27B2 /* Functor.h in Headers */ = {isa = PBXBuildFile; fileRef = E1C69A2C15C20B0B00AD27B2 /* Functor.h */; settings = {ATTRIBUTES = (); }; };
		E1C69A5A15C20B0B00AD27B2 /* GenerationCache.h in Headers */ = {isa = PBXBuildFile; fileRef = E1C69A2D15C20B0B00AD27B2 /* GenerationCache.h */; settings = {ATTRIBUTES = (); }; };
		E1C69A5B15C20B0B00AD27B2 /* hexdump.cpp in Sources */ = {isa = PBXBuildFile; fileRef = E1C69A2E15C20B0B00AD27B2 /* hexdump.cpp */; };
		E1C69A5C15C20B0B00AD27B2 /* hexdump.h in Headers */ = {isa = PBXBuildFile; fileRef = E1C69A2F15C20B0B00AD27B2 /* hexdump.h */; settings = {ATTRIBUTES = (); }; };
		E1C69A5D15C20B0B00AD27B2 /* KeyedVector.h in Headers */ = {isa = PBXBuildFile; fileRef = E1C69A3015C20B0B00AD27B2 /* KeyedVector.h */; settings = {ATTRIBUTES = (); }; };
		E1C69A5E15C20B0B00AD27B2 /* LinearTransform.h in Headers */ = {isa = PBXBuildFile; fileRef = E1C69A3115C20B0B00AD27B2 /* LinearTransform.h */; settings = {ATTRIBUTES = (); }; };
		E1C69A5F15C20B0B00AD27B2 /* List.h in Headers */ = {isa = PBXBuildFile; fileRef = E1C69A3215C20B0B00AD27B2 /* List.h */; settings = {ATTRIBUTES = (); }; };
		E1C69A6015C20B0B00AD27B2 /* Log.h in Headers */ = {isa = PBXBuildFile; fileRef = E1C69A3315C20B0B00AD27B2 /* Log.h */; settings = {ATTRIBUTES = (); }; };
		E1C69A6115C20B0B00AD27B2 /* Looper.h in Headers */ = {isa = PBXBuildFile; fileRef = E1C69A3415C20B0B00AD27B2 /* Looper.h */; settings = {ATTRIBUTES = (); }; };
		E1C69A6215C20B0B00AD27B2 /* misc.h in Headers */ = {isa = PBXBuildFile; fileRef = E1C69A3515C20B0B00AD27B2 /* misc.h */; settings = {ATTRIBUTES = (); }; };
		E1C69A6315C20B0B00AD27B2 /* Mutex.h in Headers */ = {isa = PBXBuildFile; fileRef = E1C69A3615C20B0B00AD27B2 /* Mutex.h */; settings = {ATTRIBUTES = (); }; };
		E1C69A6415C20B0B00AD27B2 /* PropertyMap.h in Headers */ = {isa = PBXBuildFile; fileRef = E1C69A3715C20B0B00AD27B2 /* PropertyMap.h */; settings = {ATTRIBUTES = (); }; };
		E1C69A6515C20B0B00AD27B2 /* RefBase.h in Headers */ = {isa = PBXBuildFile; fileRef = E1C69A3815C20B0B00AD27B2 /* RefBase.h */; settings = {ATTRIBUTES = (); }; };
		E1C69A6615C20B0B00AD27B2 /* RWLock.h in Headers */ = {isa = PBXBuildFile; fileRef = E1C69A3915C20B0B00AD27B2 /* RWLock.h */; settings = {ATTRIBUTES = (); }; };
		E1C69A6715C20B0B00AD27B2 /* SharedBuffer.h in Headers */ = {isa = PBXBuildFile; fileRef = E1C69A3A15C20B0B00AD27B2 /* SharedBuffer.h */; settings = {ATTRIBUTES = (); }; };
		E1C69A6815C20B0B00AD27B2 /* SortedVector.h in Headers */ = {isa = PBXBuildFile; fileRef = E1C69A3B15C20B0B00AD27B2 /* SortedVector.h */; settings = {ATTRIBUTES = (); }; };
		E1C69A6915C20B0B00AD27B2 /* StopWatch.h in Headers */ = {isa = PBXBuildFile; fileRef = E1C69A3C15C20B0B00AD27B2 /* StopWatch.h */; settings = {ATTRIBUTES = (); }; };
		E1C69A6A15C20B0B00AD27B2 /* String8.h in Headers */ = {isa = PBXBuildFile; fileRef = E1C69A3D15C20B0B00AD27B2 /* String8.h */; settings = {ATTRIBUTES = (); }; };
		E1C69A6B15C20B0B00AD27B2 /* String16.h in Headers */ = {isa = PBXBuildFile; fileRef = E1C69A3E15C20B0B00AD27B2 /* String16.h */; settings = {ATTRIBUTES = (); }; };
		E1C69A6C15C20B0B00AD27B2 /* StringArray.h in Headers */ = {isa = PBXBuildFile; fileRef = E1C69A3F15C20B0B00AD27B2 /* StringArray.h */; settings = {ATTRIBUTES = (); }; };
		E1C69A6D15C20B0B00AD27B2 /* StrongPointer.h in Headers */ = {isa = PBXBuildFile; fileRef = E1C69A4015C20B0B00AD27B2 /* StrongPointer.h */; settings = {ATTRIBUTES = (); }; };
		E1C69A6E15C20B0B00AD27B2 /* SystemClock.h in Headers */ = {isa = PBXBuildFile; fileRef = E1C69A4115C20B0B00AD27B2 /* SystemClock.h */; settings = {ATTRIBUTES = (); }; };
		E1C69A6F15C20B0B00AD27B2 /* TextOutput.h in Headers */ = {isa = PBXBuildFile; fileRef = E1C69A4215C20B0B00AD27B2 /* TextOutput.h */; settings = {ATTRIBUTES = (); }; };
		E1C69A7015C20B0B00AD27B2 /* Thread.h in Headers */ = {isa = PBXBuildFile; fileRef = E1C69A4315C20B0B00AD27B2 /* Thread.h */; settings = {ATTRIBUTES = (); }; };
		E1C69A7115C20B0B00AD27B2 /* ThreadDefs.h in Headers */ = {isa = PBXBuildFile; fileRef = E1C69A4415C20B0B00AD27B2 /* ThreadDefs.h */; settings = {ATTRIBUTES = (); }; };
		E1C69A7215C20B0B00AD27B2 /* threads.h in Headers */ = {isa = PBXBuildFile; fileRef = E1C69A4515C20B0B00AD27B2 /* threads.h */; settings = {ATTRIBUTES = (); }; };
		E1C69A7315C20B0B00AD27B2 /* Timers.h in Headers */ = {isa = PBXBuildFile; fileRef = E1C69A4615C20B0B00AD27B2 /* Timers.h */; settings = {ATTRIBUTES = (); }; };
		E1C69A7515C20B1600AD27B2 /* ZipUtils.h in Headers */ = {isa = PBXBuildFile; fileRef = E1C69A7415C20B1600AD27B2 /* ZipUtils.h */; settings = {ATTRIBUTES = (); }; };
		E1C69B8815C20B9200AD27B2 /* ashmem.h in Headers */ = {isa = PBXBuildFile; fileRef = E1C69B7A15C20B9200AD27B2 /* ashmem.h */; settings = {ATTRIBUTES = (); }; };
		E1C69B8A15C20B9200AD27B2 /* Singleton.h in Headers */ = {isa = PBXBuildFile; fileRef = E1C69B7C15C20B9200AD27B2 /* Singleton.h */; settings = {ATTRIBUTES = (); }; };
		E1C69B8B15C20B9200AD27B2 /* TestHelpers.h in Headers */ = {isa = PBXBuildFile; fileRef = E1C69B7D15C20B9200AD27B2 /* TestHelpers.h */; settings = {ATTRIBUTES = (); }; };
		E1C69B8C15C20B9200AD27B2 /* Tokenizer.h in Headers */ = {isa = PBXBuildFile; fileRef = E1C69B7E15C20B9200AD27B2 /* Tokenizer.h */; settings = {ATTRIBUTES = (); }; };
		E1C69B8D15C20B9200AD27B2 /* Trace.h in Headers */ = {isa = PBXBuildFile; fileRef = E1C69B7F15C20B9200AD27B2 /* Trace.h */; settings = {ATTRIBUTES = (); }; };
		E1C69B8E15C20B9200AD27B2 /* TypeHelpers.h in Headers */ = {isa = PBXBuildFile; fileRef = E1C69B8015C20B9200AD27B2 /* TypeHelpers.h */; settings = {ATTRIBUTES = (); }; };
		E1C69B8F15C20B9200AD27B2 /* Unicode.h in Headers */ = {isa = PBXBuildFile; fileRef = E1C69B8115C20B9200AD27B2 /* Unicode.h */; settings = {ATTRIBUTES = (); }; };
		E1C69B9015C20B9200AD27B2 /* UniquePtr.h in Headers */ = {isa = PBXBuildFile; fileRef = E1C69B8215C20B9200AD27B2 /* UniquePtr.h */; settings = {ATTRIBUTES = (); }; };
		E1C69B9115C20B9200AD27B2 /* Vector.h in Headers */ = {isa = PBXBuildFile; fileRef = E1C69B8315C20B9200AD27B2 /* Vector.h */; settings = {ATTRIBUTES = (); }; };
		E1C69B9215C20B9200AD27B2 /* VectorImpl.h in Headers */ = {isa = PBXBuildFile; fileRef = E1C69B8415C20B9200AD27B2 /* VectorImpl.h */; settings = {ATTRIBUTES = (); }; };
		E1C69B9315C20B9200AD27B2 /* WorkQueue.h in Headers */ = {isa = PBXBuildFile; fileRef = E1C69B8515C20B9200AD27B2 /* WorkQueue.h */; settings = {ATTRIBUTES = (); }; };
		E1C69B9415C20B9200AD27B2 /* ZipFileCRO.h in Headers */ = {isa = PBXBuildFile; fileRef = E1C69B8615C20B9200AD27B2 /* ZipFileCRO.h */; settings = {ATTRIBUTES = (); }; };
		E1C69B9515C20B9200AD27B2 /* ZipFileRO.h in Headers */ = {isa = PBXBuildFile; fileRef = E1C69B8715C20B9200AD27B2 /* ZipFileRO.h */; settings = {ATTRIBUTES = (); }; };
		E1C69B9815C20E1000AD27B2 /* RefBase.cpp in Sources */ = {isa = PBXBuildFile; fileRef = E1C69B9615C20E1000AD27B2 /* RefBase.cpp */; };
		E1C69B9915C20E1000AD27B2 /* VectorImpl.cpp in Sources */ = {isa = PBXBuildFile; fileRef = E1C69B9715C20E1000AD27B2 /* VectorImpl.cpp */; };
		E1C69B9B15C20E7300AD27B2 /* Threads.cpp in Sources */ = {isa = PBXBuildFile; fileRef = E1C69B9A15C20E7300AD27B2 /* Threads.cpp */; };
		E1C69B9D15C2112400AD27B2 /* SharedBuffer.cpp in Sources */ = {isa = PBXBuildFile; fileRef = E1C69B9C15C2112400AD27B2 /* SharedBuffer.cpp */; };
		E1C69B9F15C35C1A00AD27B2 /* TextOutput.cpp in Sources */ = {isa = PBXBuildFile; fileRef = E1C69B9E15C35C1A00AD27B2 /* TextOutput.cpp */; };
		E1C69BA115C35C6200AD27B2 /* Debug.cpp in Sources */ = {isa = PBXBuildFile; fileRef = E1C69BA015C35C6200AD27B2 /* Debug.cpp */; };
		E1C69BA415C3671500AD27B2 /* Parcel.cpp in Sources */ = {isa = PBXBuildFile; fileRef = E1C69BA215C3671500AD27B2 /* Parcel.cpp */; };
		E1C69BA515C3671500AD27B2 /* Parcel.h in Headers */ = {isa = PBXBuildFile; fileRef = E1C69BA315C3671500AD27B2 /* Parcel.h */; settings = {ATTRIBUTES = (); }; };
		E1C69CAF15C3802200AD27B2 /* binder.h in Headers */ = {isa = PBXBuildFile; fileRef = E1C69CAE15C3802200AD27B2 /* binder.h */; settings = {ATTRIBUTES = (); }; };
		E1C69CB215C3859900AD27B2 /* String8.cpp in Sources */ = {isa = PBXBuildFile; fileRef = E1C69CB015C3859800AD27B2 /* String8.cpp */; };
		E1C69CB315C3859900AD27B2 /* String16.cpp in Sources */ = {isa = PBXBuildFile; fileRef = E1C69CB115C3859900AD27B2 /* String16.cpp */; };
		E1C69CB515C39A9F00AD27B2 /* AndroidConfig.h in Headers */ = {isa = PBXBuildFile; fileRef = E1C69CB415C39A9F00AD27B2 /* AndroidConfig.h */; settings = {ATTRIBUTES = (); }; };
		E1C69CB815C4252C00AD27B2 /* foundationTests.cpp in Sources */ = {isa = PBXBuildFile; fileRef = E1C69CB615C4252C00AD27B2 /* foundationTests.cpp */; };
		E1C69CBA15C4283E00AD27B2 /* Unicode.cpp in Sources */ = {isa = PBXBuildFile; fileRef = E1C69CB915C4283E00AD27B2 /* Unicode.cpp */; };
		E1C69CBC15C42C6C00AD27B2 /* Static.cpp in Sources */ = {isa = PBXBuildFile; fileRef = E1C69CBB15C42C6B00AD27B2 /* Static.cpp */; };
		E1C69CBE15C42E5500AD27B2 /* BufferedTextOutput.cpp in Sources */ = {isa = PBXBuildFile; fileRef = E1C69CBD15C42E5500AD27B2 /* BufferedTextOutput.cpp */; };
		E1C69CC015C4313F00AD27B2 /* threads.c in Sources */ = {isa = PBXBuildFile; fileRef = E1C69CBF15C4313E00AD27B2 /* threads.c */; };
/* End PBXBuildFile section */

/* Begin PBXContainerItemProxy section */
		E1C6965E15BF6D1B00AD27B2 /* PBXContainerItemProxy */ = {
			isa = PBXContainerItemProxy;
			containerPortal = E1C6963F15BF6D1A00AD27B2 /* Project object */;
			proxyType = 1;
			remoteGlobalIDString = E1C6964715BF6D1A00AD27B2;
			remoteInfo = foundation;
		};
/* End PBXContainerItemProxy section */

/* Begin PBXFileReference section */
		E1746D3715C4F0E2000941C7 /* logd_write.c */ = {isa = PBXFileReference; fileEncoding = 4; lastKnownFileType = sourcecode.c.c; path = logd_write.c; sourceTree = SOURCE_ROOT; };
		E1C6964815BF6D1A00AD27B2 /* libfoundation.a */ = {isa = PBXFileReference; explicitFileType = archive.ar; includeInIndex = 0; path = libfoundation.a; sourceTree = BUILT_PRODUCTS_DIR; };
		E1C6964B15BF6D1A00AD27B2 /* Foundation.framework */ = {isa = PBXFileReference; lastKnownFileType = wrapper.framework; name = Foundation.framework; path = System/Library/Frameworks/Foundation.framework; sourceTree = SDKROOT; };
		E1C6964F15BF6D1A00AD27B2 /* foundation-Prefix.pch */ = {isa = PBXFileReference; lastKnownFileType = sourcecode.c.h; path = "foundation-Prefix.pch"; sourceTree = "<group>"; };
		E1C6965815BF6D1B00AD27B2 /* foundationTests.octest */ = {isa = PBXFileReference; explicitFileType = wrapper.cfbundle; includeInIndex = 0; path = foundationTests.octest; sourceTree = BUILT_PRODUCTS_DIR; };
		E1C6965915BF6D1B00AD27B2 /* SenTestingKit.framework */ = {isa = PBXFileReference; lastKnownFileType = wrapper.framework; name = SenTestingKit.framework; path = Library/Frameworks/SenTestingKit.framework; sourceTree = DEVELOPER_DIR; };
		E1C6965B15BF6D1B00AD27B2 /* UIKit.framework */ = {isa = PBXFileReference; lastKnownFileType = wrapper.framework; name = UIKit.framework; path = Library/Frameworks/UIKit.framework; sourceTree = DEVELOPER_DIR; };
		E1C6966315BF6D1B00AD27B2 /* foundationTests-Info.plist */ = {isa = PBXFileReference; lastKnownFileType = text.plist.xml; path = "foundationTests-Info.plist"; sourceTree = "<group>"; };
		E1C6966515BF6D1B00AD27B2 /* en */ = {isa = PBXFileReference; lastKnownFileType = text.plist.strings; name = en; path = en.lproj/InfoPlist.strings; sourceTree = "<group>"; };
		E1C699F415C20A9800AD27B2 /* AAtomizer.cpp */ = {isa = PBXFileReference; fileEncoding = 4; lastKnownFileType = sourcecode.cpp.cpp; path = AAtomizer.cpp; sourceTree = SOURCE_ROOT; };
		E1C699F615C20AB200AD27B2 /* AAtomizer.h */ = {isa = PBXFileReference; fileEncoding = 4; lastKnownFileType = sourcecode.c.h; path = AAtomizer.h; sourceTree = SOURCE_ROOT; };
		E1C699F715C20AB200AD27B2 /* ABase.h */ = {isa = PBXFileReference; fileEncoding = 4; lastKnownFileType = sourcecode.c.h; path = ABase.h; sourceTree = SOURCE_ROOT; };
		E1C699F815C20AB200AD27B2 /* ABitReader.cpp */ = {isa = PBXFileReference; fileEncoding = 4; lastKnownFileType = sourcecode.cpp.cpp; path = ABitReader.cpp; sourceTree = SOURCE_ROOT; };
		E1C699F915C20AB200AD27B2 /* ABitReader.h */ = {isa = PBXFileReference; fileEncoding = 4; lastKnownFileType = sourcecode.c.h; path = ABitReader.h; sourceTree = SOURCE_ROOT; };
		E1C699FA15C20AB200AD27B2 /* ABuffer.cpp */ = {isa = PBXFileReference; fileEncoding = 4; lastKnownFileType = sourcecode.cpp.cpp; path = ABuffer.cpp; sourceTree = SOURCE_ROOT; };
		E1C699FB15C20AB200AD27B2 /* ABuffer.h */ = {isa = PBXFileReference; fileEncoding = 4; lastKnownFileType = sourcecode.c.h; path = ABuffer.h; sourceTree = SOURCE_ROOT; };
		E1C699FC15C20AB200AD27B2 /* ADebug.h */ = {isa = PBXFileReference; fileEncoding = 4; lastKnownFileType = sourcecode.c.h; path = ADebug.h; sourceTree = SOURCE_ROOT; };
		E1C699FD15C20AB200AD27B2 /* AHandler.cpp */ = {isa = PBXFileReference; fileEncoding = 4; lastKnownFileType = sourcecode.cpp.cpp; path = AHandler.cpp; sourceTree = SOURCE_ROOT; };
		E1C699FE15C20AB200AD27B2 /* AHandler.h */ = {isa = PBXFileReference; fileEncoding = 4; lastKnownFileType = sourcecode.c.h; path = AHandler.h; sourceTree = SOURCE_ROOT; };
		E1C699FF15C20AB200AD27B2 /* AHandlerReflector.h */ = {isa = PBXFileReference; fileEncoding = 4; lastKnownFileType = sourcecode.c.h; path = AHandlerReflector.h; sourceTree = SOURCE_ROOT; };
		E1C69A0015C20AB200AD27B2 /* AHierarchicalStateMachine.cpp */ = {isa = PBXFileReference; fileEncoding = 4; lastKnownFileType = sourcecode.cpp.cpp; path = AHierarchicalStateMachine.cpp; sourceTree = SOURCE_ROOT; };
		E1C69A0115C20AB200AD27B2 /* AHierarchicalStateMachine.h */ = {isa = PBXFileReference; fileEncoding = 4; lastKnownFileType = sourcecode.c.h; path = AHierarchicalStateMachine.h; sourceTree = SOURCE_ROOT; };
		E1C69A0215C20AB200AD27B2 /* ALooper.cpp */ = {isa = PBXFileReference; fileEncoding = 4; lastKnownFileType = sourcecode.cpp.cpp; path = ALooper.cpp; sourceTree = SOURCE_ROOT; };
		E1C69A0315C20AB200AD27B2 /* ALooper.h */ = {isa = PBXFileReference; fileEncoding = 4; lastKnownFileType = sourcecode.c.h; path = ALooper.h; sourceTree = SOURCE_ROOT; };
		E1C69A0415C20AB200AD27B2 /* ALooperRoster.cpp */ = {isa = PBXFileReference; fileEncoding = 4; lastKnownFileType = sourcecode.cpp.cpp; path = ALooperRoster.cpp; sourceTree = SOURCE_ROOT; };
		E1C69A0515C20AB200AD27B2 /* ALooperRoster.h */ = {isa = PBXFileReference; fileEncoding = 4; lastKnownFileType = sourcecode.c.h; path = ALooperRoster.h; sourceTree = SOURCE_ROOT; };
		E1C69A0615C20AB200AD27B2 /* AMessage.cpp */ = {isa = PBXFileReference; fileEncoding = 4; lastKnownFileType = sourcecode.cpp.cpp; path = AMessage.cpp; sourceTree = SOURCE_ROOT; };
		E1C69A0715C20AB200AD27B2 /* AMessage.h */ = {isa = PBXFileReference; fileEncoding = 4; lastKnownFileType = sourcecode.c.h; path = AMessage.h; sourceTree = SOURCE_ROOT; };
		E1C69A1A15C20B0B00AD27B2 /* AndroidThreads.h */ = {isa = PBXFileReference; fileEncoding = 4; lastKnownFileType = sourcecode.c.h; path = AndroidThreads.h; sourceTree = SOURCE_ROOT; };
		E1C69A1B15C20B0B00AD27B2 /* AString.cpp */ = {isa = PBXFileReference; fileEncoding = 4; lastKnownFileType = sourcecode.cpp.cpp; path = AString.cpp; sourceTree = SOURCE_ROOT; };
		E1C69A1C15C20B0B00AD27B2 /* AString.h */ = {isa = PBXFileReference; fileEncoding = 4; lastKnownFileType = sourcecode.c.h; path = AString.h; sourceTree = SOURCE_ROOT; };
		E1C69A1D15C20B0B00AD27B2 /* Atomic.h */ = {isa = PBXFileReference; fileEncoding = 4; lastKnownFileType = sourcecode.c.h; path = Atomic.h; sourceTree = SOURCE_ROOT; };
		E1C69A1E15C20B0B00AD27B2 /* base64.h */ = {isa = PBXFileReference; fileEncoding = 4; lastKnownFileType = sourcecode.c.h; path = base64.h; sourceTree = SOURCE_ROOT; };
		E1C69A1F15C20B0B00AD27B2 /* BasicHashtable.h */ = {isa = PBXFileReference; fileEncoding = 4; lastKnownFileType = sourcecode.c.h; path = BasicHashtable.h; sourceTree = SOURCE_ROOT; };
		E1C69A2015C20B0B00AD27B2 /* BitSet.h */ = {isa = PBXFileReference; fileEncoding = 4; lastKnownFileType = sourcecode.c.h; path = BitSet.h; sourceTree = SOURCE_ROOT; };
		E1C69A2115C20B0B00AD27B2 /* BlobCache.h */ = {isa = PBXFileReference; fileEncoding = 4; lastKnownFileType = sourcecode.c.h; path = BlobCache.h; sourceTree = SOURCE_ROOT; };
		E1C69A2215C20B0B00AD27B2 /* BufferedTextOutput.h */ = {isa = PBXFileReference; fileEncoding = 4; lastKnownFileType = sourcecode.c.h; path = BufferedTextOutput.h; sourceTree = SOURCE_ROOT; };
		E1C69A2315C20B0B00AD27B2 /* ByteOrder.h */ = {isa = PBXFileReference; fileEncoding = 4; lastKnownFileType = sourcecode.c.h; path = ByteOrder.h; sourceTree = SOURCE_ROOT; };
		E1C69A2415C20B0B00AD27B2 /* CallStack.h */ = {isa = PBXFileReference; fileEncoding = 4; lastKnownFileType = sourcecode.c.h; path = CallStack.h; sourceTree = SOURCE_ROOT; };
		E1C69A2515C20B0B00AD27B2 /* Compat.h */ = {isa = PBXFileReference; fileEncoding = 4; lastKnownFileType = sourcecode.c.h; path = Compat.h; sourceTree = SOURCE_ROOT; };
		E1C69A2615C20B0B00AD27B2 /* Condition.h */ = {isa = PBXFileReference; fileEncoding = 4; lastKnownFileType = sourcecode.c.h; path = Condition.h; sourceTree = SOURCE_ROOT; };
		E1C69A2715C20B0B00AD27B2 /* Debug.h */ = {isa = PBXFileReference; fileEncoding = 4; lastKnownFileType = sourcecode.c.h; path = Debug.h; sourceTree = SOURCE_ROOT; };
		E1C69A2815C20B0B00AD27B2 /* Endian.h */ = {isa = PBXFileReference; fileEncoding = 4; lastKnownFileType = sourcecode.c.h; path = Endian.h; sourceTree = SOURCE_ROOT; };
		E1C69A2915C20B0B00AD27B2 /* Errors.h */ = {isa = PBXFileReference; fileEncoding = 4; lastKnownFileType = sourcecode.c.h; path = Errors.h; sourceTree = SOURCE_ROOT; };
		E1C69A2A15C20B0B00AD27B2 /* FileMap.h */ = {isa = PBXFileReference; fileEncoding = 4; lastKnownFileType = sourcecode.c.h; path = FileMap.h; sourceTree = SOURCE_ROOT; };
		E1C69A2B15C20B0B00AD27B2 /* Flattenable.h */ = {isa = PBXFileReference; fileEncoding = 4; lastKnownFileType = sourcecode.c.h; path = Flattenable.h; sourceTree = SOURCE_ROOT; };
		E1C69A2C15C20B0B00AD27B2 /* Functor.h */ = {isa = PBXFileReference; fileEncoding = 4; lastKnownFileType = sourcecode.c.h; path = Functor.h; sourceTree = SOURCE_ROOT; };
		E1C69A2D15C20B0B00AD27B2 /* GenerationCache.h */ = {isa = PBXFileReference; fileEncoding = 4; lastKnownFileType = sourcecode.c.h; path = GenerationCache.h; sourceTree = SOURCE_ROOT; };
		E1C69A2E15C20B0B00AD27B2 /* hexdump.cpp */ = {isa = PBXFileReference; fileEncoding = 4; lastKnownFileType = sourcecode.cpp.cpp; path = hexdump.cpp; sourceTree = SOURCE_ROOT; };
		E1C69A2F15C20B0B00AD27B2 /* hexdump.h */ = {isa = PBXFileReference; fileEncoding = 4; lastKnownFileType = sourcecode.c.h; path = hexdump.h; sourceTree = SOURCE_ROOT; };
		E1C69A3015C20B0B00AD27B2 /* KeyedVector.h */ = {isa = PBXFileReference; fileEncoding = 4; lastKnownFileType = sourcecode.c.h; path = KeyedVector.h; sourceTree = SOURCE_ROOT; };
		E1C69A3115C20B0B00AD27B2 /* LinearTransform.h */ = {isa = PBXFileReference; fileEncoding = 4; lastKnownFileType = sourcecode.c.h; path = LinearTransform.h; sourceTree = SOURCE_ROOT; };
		E1C69A3215C20B0B00AD27B2 /* List.h */ = {isa = PBXFileReference; fileEncoding = 4; lastKnownFileType = sourcecode.c.h; path = List.h; sourceTree = SOURCE_ROOT; };
		E1C69A3315C20B0B00AD27B2 /* Log.h */ = {isa = PBXFileReference; fileEncoding = 4; lastKnownFileType = sourcecode.c.h; path = Log.h; sourceTree = SOURCE_ROOT; };
		E1C69A3415C20B0B00AD27B2 /* Looper.h */ = {isa = PBXFileReference; fileEncoding = 4; lastKnownFileType = sourcecode.c.h; path = Looper.h; sourceTree = SOURCE_ROOT; };
		E1C69A3515C20B0B00AD27B2 /* misc.h */ = {isa = PBXFileReference; fileEncoding = 4; lastKnownFileType = sourcecode.c.h; path = misc.h; sourceTree = SOURCE_ROOT; };
		E1C69A3615C20B0B00AD27B2 /* Mutex.h */ = {isa = PBXFileReference; fileEncoding = 4; lastKnownFileType = sourcecode.c.h; path = Mutex.h; sourceTree = SOURCE_ROOT; };
		E1C69A3715C20B0B00AD27B2 /* PropertyMap.h */ = {isa = PBXFileReference; fileEncoding = 4; lastKnownFileType = sourcecode.c.h; path = PropertyMap.h; sourceTree = SOURCE_ROOT; };
		E1C69A3815C20B0B00AD27B2 /* RefBase.h */ = {isa = PBXFileReference; fileEncoding = 4; lastKnownFileType = sourcecode.c.h; path = RefBase.h; sourceTree = SOURCE_ROOT; };
		E1C69A3915C20B0B00AD27B2 /* RWLock.h */ = {isa = PBXFileReference; fileEncoding = 4; lastKnownFileType = sourcecode.c.h; path = RWLock.h; sourceTree = SOURCE_ROOT; };
		E1C69A3A15C20B0B00AD27B2 /* SharedBuffer.h */ = {isa = PBXFileReference; fileEncoding = 4; lastKnownFileType = sourcecode.c.h; path = SharedBuffer.h; sourceTree = SOURCE_ROOT; };
		E1C69A3B15C20B0B00AD27B2 /* SortedVector.h */ = {isa = PBXFileReference; fileEncoding = 4; lastKnownFileType = sourcecode.c.h; path = SortedVector.h; sourceTree = SOURCE_ROOT; };
		E1C69A3C15C20B0B00AD27B2 /* StopWatch.h */ = {isa = PBXFileReference; fileEncoding = 4; lastKnownFileType = sourcecode.c.h; path = StopWatch.h; sourceTree = SOURCE_ROOT; };
		E1C69A3D15C20B0B00AD27B2 /* String8.h */ = {isa = PBXFileReference; fileEncoding = 4; lastKnownFileType = sourcecode.c.h; path = String8.h; sourceTree = SOURCE_ROOT; };
		E1C69A3E15C20B0B00AD27B2 /* String16.h */ = {isa = PBXFileReference; fileEncoding = 4; lastKnownFileType = sourcecode.c.h; path = String16.h; sourceTree = SOURCE_ROOT; };
		E1C69A3F15C20B0B00AD27B2 /* StringArray.h */ = {isa = PBXFileReference; fileEncoding = 4; lastKnownFileType = sourcecode.c.h; path = StringArray.h; sourceTree = SOURCE_ROOT; };
		E1C69A4015C20B0B00AD27B2 /* StrongPointer.h */ = {isa = PBXFileReference; fileEncoding = 4; lastKnownFileType = sourcecode.c.h; path = StrongPointer.h; sourceTree = SOURCE_ROOT; };
		E1C69A4115C20B0B00AD27B2 /* SystemClock.h */ = {isa = PBXFileReference; fileEncoding = 4; lastKnownFileType = sourcecode.c.h; path = SystemClock.h; sourceTree = SOURCE_ROOT; };
		E1C69A4215C20B0B00AD27B2 /* TextOutput.h */ = {isa = PBXFileReference; fileEncoding = 4; lastKnownFileType = sourcecode.c.h; path = TextOutput.h; sourceTree = SOURCE_ROOT; };
		E1C69A4315C20B0B00AD27B2 /* Thread.h */ = {isa = PBXFileReference; fileEncoding = 4; lastKnownFileType = sourcecode.c.h; path = Thread.h; sourceTree = SOURCE_ROOT; };
		E1C69A4415C20B0B00AD27B2 /* ThreadDefs.h */ = {isa = PBXFileReference; fileEncoding = 4; lastKnownFileType = sourcecode.c.h; path = ThreadDefs.h; sourceTree = SOURCE_ROOT; };
		E1C69A4515C20B0B00AD27B2 /* threads.h */ = {isa = PBXFileReference; fileEncoding = 4; lastKnownFileType = sourcecode.c.h; path = threads.h; sourceTree = SOURCE_ROOT; };
		E1C69A4615C20B0B00AD27B2 /* Timers.h */ = {isa = PBXFileReference; fileEncoding = 4; lastKnownFileType = sourcecode.c.h; path = Timers.h; sourceTree = SOURCE_ROOT; };
		E1C69A7415C20B1600AD27B2 /* ZipUtils.h */ = {isa = PBXFileReference; fileEncoding = 4; lastKnownFileType = sourcecode.c.h; path = ZipUtils.h; sourceTree = SOURCE_ROOT; };
		E1C69B7A15C20B9200AD27B2 /* ashmem.h */ = {isa = PBXFileReference; fileEncoding = 4; lastKnownFileType = sourcecode.c.h; path = ashmem.h; sourceTree = SOURCE_ROOT; };
		E1C69B7C15C20B9200AD27B2 /* Singleton.h */ = {isa = PBXFileReference; fileEncoding = 4; lastKnownFileType = sourcecode.c.h; path = Singleton.h; sourceTree = SOURCE_ROOT; };
		E1C69B7D15C20B9200AD27B2 /* TestHelpers.h */ = {isa = PBXFileReference; fileEncoding = 4; lastKnownFileType = sourcecode.c.h; name = TestHelpers.h; path = tests/TestHelpers.h; sourceTree = SOURCE_ROOT; };
		E1C69B7E15C20B9200AD27B2 /* Tokenizer.h */ = {isa = PBXFileReference; fileEncoding = 4; lastKnownFileType = sourcecode.c.h; path = Tokenizer.h; sourceTree = SOURCE_ROOT; };
		E1C69B7F15C20B9200AD27B2 /* Trace.h */ = {isa = PBXFileReference; fileEncoding = 4; lastKnownFileType = sourcecode.c.h; path = Trace.h; sourceTree = SOURCE_ROOT; };
		E1C69B8015C20B9200AD27B2 /* TypeHelpers.h */ = {isa = PBXFileReference; fileEncoding = 4; lastKnownFileType = sourcecode.c.h; path = TypeHelpers.h; sourceTree = SOURCE_ROOT; };
		E1C69B8115C20B9200AD27B2 /* Unicode.h */ = {isa = PBXFileReference; fileEncoding = 4; lastKnownFileType = sourcecode.c.h; path = Unicode.h; sourceTree = SOURCE_ROOT; };
		E1C69B8215C20B9200AD27B2 /* UniquePtr.h */ = {isa = PBXFileReference; fileEncoding = 4; lastKnownFileType = sourcecode.c.h; path = UniquePtr.h; sourceTree = SOURCE_ROOT; };
		E1C69B8315C20B9200AD27B2 /* Vector.h */ = {isa = PBXFileReference; fileEncoding = 4; lastKnownFileType = sourcecode.c.h; path = Vector.h; sourceTree = SOURCE_ROOT; };
		E1C69B8415C20B9200AD27B2 /* VectorImpl.h */ = {isa = PBXFileReference; fileEncoding = 4; lastKnownFileType = sourcecode.c.h; path = VectorImpl.h; sourceTree = SOURCE_ROOT; };
		E1C69B8515C20B9200AD27B2 /* WorkQueue.h */ = {isa = PBXFileReference; fileEncoding = 4; lastKnownFileType = sourcecode.c.h; path = WorkQueue.h; sourceTree = SOURCE_ROOT; };
		E1C69B8615C20B9200AD27B2 /* ZipFileCRO.h */ = {isa = PBXFileReference; fileEncoding = 4; lastKnownFileType = sourcecode.c.h; path = ZipFileCRO.h; sourceTree = SOURCE_ROOT; };
		E1C69B8715C20B9200AD27B2 /* ZipFileRO.h */ = {isa = PBXFileReference; fileEncoding = 4; lastKnownFileType = sourcecode.c.h; path = ZipFileRO.h; sourceTree = SOURCE_ROOT; };
		E1C69B9615C20E1000AD27B2 /* RefBase.cpp */ = {isa = PBXFileReference; fileEncoding = 4; lastKnownFileType = sourcecode.cpp.cpp; path = RefBase.cpp; sourceTree = SOURCE_ROOT; };
		E1C69B9715C20E1000AD27B2 /* VectorImpl.cpp */ = {isa = PBXFileReference; fileEncoding = 4; lastKnownFileType = sourcecode.cpp.cpp; path = VectorImpl.cpp; sourceTree = SOURCE_ROOT; };
		E1C69B9A15C20E7300AD27B2 /* Threads.cpp */ = {isa = PBXFileReference; fileEncoding = 4; lastKnownFileType = sourcecode.cpp.cpp; path = Threads.cpp; sourceTree = SOURCE_ROOT; };
		E1C69B9C15C2112400AD27B2 /* SharedBuffer.cpp */ = {isa = PBXFileReference; fileEncoding = 4; lastKnownFileType = sourcecode.cpp.cpp; path = SharedBuffer.cpp; sourceTree = SOURCE_ROOT; };
		E1C69B9E15C35C1A00AD27B2 /* TextOutput.cpp */ = {isa = PBXFileReference; fileEncoding = 4; lastKnownFileType = sourcecode.cpp.cpp; path = TextOutput.cpp; sourceTree = SOURCE_ROOT; };
		E1C69BA015C35C6200AD27B2 /* Debug.cpp */ = {isa = PBXFileReference; fileEncoding = 4; lastKnownFileType = sourcecode.cpp.cpp; path = Debug.cpp; sourceTree = SOURCE_ROOT; };
		E1C69BA215C3671500AD27B2 /* Parcel.cpp */ = {isa = PBXFileReference; fileEncoding = 4; lastKnownFileType = sourcecode.cpp.cpp; path = Parcel.cpp; sourceTree = SOURCE_ROOT; };
		E1C69BA315C3671500AD27B2 /* Parcel.h */ = {isa = PBXFileReference; fileEncoding = 4; lastKnownFileType = sourcecode.c.h; path = Parcel.h; sourceTree = SOURCE_ROOT; };
		E1C69CAE15C3802200AD27B2 /* binder.h */ = {isa = PBXFileReference; fileEncoding = 4; lastKnownFileType = sourcecode.c.h; path = binder.h; sourceTree = SOURCE_ROOT; };
		E1C69CB015C3859800AD27B2 /* String8.cpp */ = {isa = PBXFileReference; fileEncoding = 4; lastKnownFileType = sourcecode.cpp.cpp; path = String8.cpp; sourceTree = SOURCE_ROOT; };
		E1C69CB115C3859900AD27B2 /* String16.cpp */ = {isa = PBXFileReference; fileEncoding = 4; lastKnownFileType = sourcecode.cpp.cpp; path = String16.cpp; sourceTree = SOURCE_ROOT; };
		E1C69CB415C39A9F00AD27B2 /* AndroidConfig.h */ = {isa = PBXFileReference; fileEncoding = 4; lastKnownFileType = sourcecode.c.h; path = AndroidConfig.h; sourceTree = SOURCE_ROOT; };
		E1C69CB615C4252C00AD27B2 /* foundationTests.cpp */ = {isa = PBXFileReference; fileEncoding = 4; lastKnownFileType = sourcecode.cpp.cpp; path = foundationTests.cpp; sourceTree = "<group>"; };
		E1C69CB715C4252C00AD27B2 /* foundationTests.h */ = {isa = PBXFileReference; fileEncoding = 4; lastKnownFileType = sourcecode.c.h; path = foundationTests.h; sourceTree = "<group>"; };
		E1C69CB915C4283E00AD27B2 /* Unicode.cpp */ = {isa = PBXFileReference; fileEncoding = 4; lastKnownFileType = sourcecode.cpp.cpp; path = Unicode.cpp; sourceTree = SOURCE_ROOT; };
		E1C69CBB15C42C6B00AD27B2 /* Static.cpp */ = {isa = PBXFileReference; fileEncoding = 4; lastKnownFileType = sourcecode.cpp.cpp; path = Static.cpp; sourceTree = SOURCE_ROOT; };
		E1C69CBD15C42E5500AD27B2 /* BufferedTextOutput.cpp */ = {isa = PBXFileReference; fileEncoding = 4; lastKnownFileType = sourcecode.cpp.cpp; path = BufferedTextOutput.cpp; sourceTree = SOURCE_ROOT; };
		E1C69CBF15C4313E00AD27B2 /* threads.c */ = {isa = PBXFileReference; fileEncoding = 4; lastKnownFileType = sourcecode.c.c; path = threads.c; sourceTree = SOURCE_ROOT; };
/* End PBXFileReference section */

/* Begin PBXFrameworksBuildPhase section */
		E1C6964515BF6D1A00AD27B2 /* Frameworks */ = {
			isa = PBXFrameworksBuildPhase;
			buildActionMask = 2147483647;
			files = (
				E1C6964C15BF6D1A00AD27B2 /* Foundation.framework in Frameworks */,
			);
			runOnlyForDeploymentPostprocessing = 0;
		};
		E1C6965415BF6D1B00AD27B2 /* Frameworks */ = {
			isa = PBXFrameworksBuildPhase;
			buildActionMask = 2147483647;
			files = (
				E1C6965A15BF6D1B00AD27B2 /* SenTestingKit.framework in Frameworks */,
				E1C6965C15BF6D1B00AD27B2 /* UIKit.framework in Frameworks */,
				E1C6965D15BF6D1B00AD27B2 /* Foundation.framework in Frameworks */,
				E1C6966015BF6D1B00AD27B2 /* libfoundation.a in Frameworks */,
			);
			runOnlyForDeploymentPostprocessing = 0;
		};
/* End PBXFrameworksBuildPhase section */

/* Begin PBXGroup section */
		E1C6963D15BF6D1A00AD27B2 = {
			isa = PBXGroup;
			children = (
				E1C6964D15BF6D1A00AD27B2 /* foundation */,
				E1C6966115BF6D1B00AD27B2 /* foundationTests */,
				E1C6964A15BF6D1A00AD27B2 /* Frameworks */,
				E1C6964915BF6D1A00AD27B2 /* Products */,
			);
			sourceTree = "<group>";
		};
		E1C6964915BF6D1A00AD27B2 /* Products */ = {
			isa = PBXGroup;
			children = (
				E1C6964815BF6D1A00AD27B2 /* libfoundation.a */,
				E1C6965815BF6D1B00AD27B2 /* foundationTests.octest */,
			);
			name = Products;
			sourceTree = "<group>";
		};
		E1C6964A15BF6D1A00AD27B2 /* Frameworks */ = {
			isa = PBXGroup;
			children = (
				E1C6964B15BF6D1A00AD27B2 /* Foundation.framework */,
				E1C6965915BF6D1B00AD27B2 /* SenTestingKit.framework */,
				E1C6965B15BF6D1B00AD27B2 /* UIKit.framework */,
			);
			name = Frameworks;
			sourceTree = "<group>";
		};
		E1C6964D15BF6D1A00AD27B2 /* foundation */ = {
			isa = PBXGroup;
			children = (
				E1746D3715C4F0E2000941C7 /* logd_write.c */,
				E1C69CBF15C4313E00AD27B2 /* threads.c */,
				E1C69CBD15C42E5500AD27B2 /* BufferedTextOutput.cpp */,
				E1C69CBB15C42C6B00AD27B2 /* Static.cpp */,
				E1C69CB915C4283E00AD27B2 /* Unicode.cpp */,
				E1C69CB415C39A9F00AD27B2 /* AndroidConfig.h */,
				E1C69CB015C3859800AD27B2 /* String8.cpp */,
				E1C69CB115C3859900AD27B2 /* String16.cpp */,
				E1C69CAE15C3802200AD27B2 /* binder.h */,
				E1C69BA215C3671500AD27B2 /* Parcel.cpp */,
				E1C69BA315C3671500AD27B2 /* Parcel.h */,
				E1C69BA015C35C6200AD27B2 /* Debug.cpp */,
				E1C69B9E15C35C1A00AD27B2 /* TextOutput.cpp */,
				E1C69B9C15C2112400AD27B2 /* SharedBuffer.cpp */,
				E1C69B9A15C20E7300AD27B2 /* Threads.cpp */,
				E1C69B9615C20E1000AD27B2 /* RefBase.cpp */,
				E1C69B9715C20E1000AD27B2 /* VectorImpl.cpp */,
				E1C69B7A15C20B9200AD27B2 /* ashmem.h */,
				E1C69B7C15C20B9200AD27B2 /* Singleton.h */,
				E1C69B7D15C20B9200AD27B2 /* TestHelpers.h */,
				E1C69B7E15C20B9200AD27B2 /* Tokenizer.h */,
				E1C69B7F15C20B9200AD27B2 /* Trace.h */,
				E1C69B8015C20B9200AD27B2 /* TypeHelpers.h */,
				E1C69B8115C20B9200AD27B2 /* Unicode.h */,
				E1C69B8215C20B9200AD27B2 /* UniquePtr.h */,
				E1C69B8315C20B9200AD27B2 /* Vector.h */,
				E1C69B8415C20B9200AD27B2 /* VectorImpl.h */,
				E1C69B8515C20B9200AD27B2 /* WorkQueue.h */,
				E1C69B8615C20B9200AD27B2 /* ZipFileCRO.h */,
				E1C69B8715C20B9200AD27B2 /* ZipFileRO.h */,
				E1C69A7415C20B1600AD27B2 /* ZipUtils.h */,
				E1C69A1A15C20B0B00AD27B2 /* AndroidThreads.h */,
				E1C69A1B15C20B0B00AD27B2 /* AString.cpp */,
				E1C69A1C15C20B0B00AD27B2 /* AString.h */,
				E1C69A1D15C20B0B00AD27B2 /* Atomic.h */,
				E1C69A1E15C20B0B00AD27B2 /* base64.h */,
				E1C69A1F15C20B0B00AD27B2 /* BasicHashtable.h */,
				E1C69A2015C20B0B00AD27B2 /* BitSet.h */,
				E1C69A2115C20B0B00AD27B2 /* BlobCache.h */,
				E1C69A2215C20B0B00AD27B2 /* BufferedTextOutput.h */,
				E1C69A2315C20B0B00AD27B2 /* ByteOrder.h */,
				E1C69A2415C20B0B00AD27B2 /* CallStack.h */,
				E1C69A2515C20B0B00AD27B2 /* Compat.h */,
				E1C69A2615C20B0B00AD27B2 /* Condition.h */,
				E1C69A2715C20B0B00AD27B2 /* Debug.h */,
				E1C69A2815C20B0B00AD27B2 /* Endian.h */,
				E1C69A2915C20B0B00AD27B2 /* Errors.h */,
				E1C69A2A15C20B0B00AD27B2 /* FileMap.h */,
				E1C69A2B15C20B0B00AD27B2 /* Flattenable.h */,
				E1C69A2C15C20B0B00AD27B2 /* Functor.h */,
				E1C69A2D15C20B0B00AD27B2 /* GenerationCache.h */,
				E1C69A2E15C20B0B00AD27B2 /* hexdump.cpp */,
				E1C69A2F15C20B0B00AD27B2 /* hexdump.h */,
				E1C69A3015C20B0B00AD27B2 /* KeyedVector.h */,
				E1C69A3115C20B0B00AD27B2 /* LinearTransform.h */,
				E1C69A3215C20B0B00AD27B2 /* List.h */,
				E1C69A3315C20B0B00AD27B2 /* Log.h */,
				E1C69A3415C20B0B00AD27B2 /* Looper.h */,
				E1C69A3515C20B0B00AD27B2 /* misc.h */,
				E1C69A3615C20B0B00AD27B2 /* Mutex.h */,
				E1C69A3715C20B0B00AD27B2 /* PropertyMap.h */,
				E1C69A3815C20B0B00AD27B2 /* RefBase.h */,
				E1C69A3915C20B0B00AD27B2 /* RWLock.h */,
				E1C69A3A15C20B0B00AD27B2 /* SharedBuffer.h */,
				E1C69A3B15C20B0B00AD27B2 /* SortedVector.h */,
				E1C69A3C15C20B0B00AD27B2 /* StopWatch.h */,
				E1C69A3D15C20B0B00AD27B2 /* String8.h */,
				E1C69A3E15C20B0B00AD27B2 /* String16.h */,
				E1C69A3F15C20B0B00AD27B2 /* StringArray.h */,
				E1C69A4015C20B0B00AD27B2 /* StrongPointer.h */,
				E1C69A4115C20B0B00AD27B2 /* SystemClock.h */,
				E1C69A4215C20B0B00AD27B2 /* TextOutput.h */,
				E1C69A4315C20B0B00AD27B2 /* Thread.h */,
				E1C69A4415C20B0B00AD27B2 /* ThreadDefs.h */,
				E1C69A4515C20B0B00AD27B2 /* threads.h */,
				E1C69A4615C20B0B00AD27B2 /* Timers.h */,
				E1C699F615C20AB200AD27B2 /* AAtomizer.h */,
				E1C699F715C20AB200AD27B2 /* ABase.h */,
				E1C699F815C20AB200AD27B2 /* ABitReader.cpp */,
				E1C699F915C20AB200AD27B2 /* ABitReader.h */,
				E1C699FA15C20AB200AD27B2 /* ABuffer.cpp */,
				E1C699FB15C20AB200AD27B2 /* ABuffer.h */,
				E1C699FC15C20AB200AD27B2 /* ADebug.h */,
				E1C699FD15C20AB200AD27B2 /* AHandler.cpp */,
				E1C699FE15C20AB200AD27B2 /* AHandler.h */,
				E1C699FF15C20AB200AD27B2 /* AHandlerReflector.h */,
				E1C69A0015C20AB200AD27B2 /* AHierarchicalStateMachine.cpp */,
				E1C69A0115C20AB200AD27B2 /* AHierarchicalStateMachine.h */,
				E1C69A0215C20AB200AD27B2 /* ALooper.cpp */,
				E1C69A0315C20AB200AD27B2 /* ALooper.h */,
				E1C69A0415C20AB200AD27B2 /* ALooperRoster.cpp */,
				E1C69A0515C20AB200AD27B2 /* ALooperRoster.h */,
				E1C69A0615C20AB200AD27B2 /* AMessage.cpp */,
				E1C69A0715C20AB200AD27B2 /* AMessage.h */,
				E1C699F415C20A9800AD27B2 /* AAtomizer.cpp */,
				E1C6964E15BF6D1A00AD27B2 /* Supporting Files */,
			);
			path = foundation;
			sourceTree = "<group>";
		};
		E1C6964E15BF6D1A00AD27B2 /* Supporting Files */ = {
			isa = PBXGroup;
			children = (
				E1C6964F15BF6D1A00AD27B2 /* foundation-Prefix.pch */,
			);
			name = "Supporting Files";
			sourceTree = "<group>";
		};
		E1C6966115BF6D1B00AD27B2 /* foundationTests */ = {
			isa = PBXGroup;
			children = (
				E1C69CB615C4252C00AD27B2 /* foundationTests.cpp */,
				E1C69CB715C4252C00AD27B2 /* foundationTests.h */,
				E1C6966215BF6D1B00AD27B2 /* Supporting Files */,
			);
			path = foundationTests;
			sourceTree = "<group>";
		};
		E1C6966215BF6D1B00AD27B2 /* Supporting Files */ = {
			isa = PBXGroup;
			children = (
				E1C6966315BF6D1B00AD27B2 /* foundationTests-Info.plist */,
				E1C6966415BF6D1B00AD27B2 /* InfoPlist.strings */,
			);
			name = "Supporting Files";
			sourceTree = "<group>";
		};
/* End PBXGroup section */

/* Begin PBXHeadersBuildPhase section */
		E1C6964615BF6D1A00AD27B2 /* Headers */ = {
			isa = PBXHeadersBuildPhase;
			buildActionMask = 2147483647;
			files = (
				E1C69A0815C20AB200AD27B2 /* AAtomizer.h in Headers */,
				E1C69A0915C20AB200AD27B2 /* ABase.h in Headers */,
				E1C69A0B15C20AB200AD27B2 /* ABitReader.h in Headers */,
				E1C69A0D15C20AB200AD27B2 /* ABuffer.h in Headers */,
				E1C69A0E15C20AB200AD27B2 /* ADebug.h in Headers */,
				E1C69A1015C20AB200AD27B2 /* AHandler.h in Headers */,
				E1C69A1115C20AB200AD27B2 /* AHandlerReflector.h in Headers */,
				E1C69A1315C20AB200AD27B2 /* AHierarchicalStateMachine.h in Headers */,
				E1C69A1515C20AB200AD27B2 /* ALooper.h in Headers */,
				E1C69A1715C20AB200AD27B2 /* ALooperRoster.h in Headers */,
				E1C69A1915C20AB200AD27B2 /* AMessage.h in Headers */,
				E1C69A4715C20B0B00AD27B2 /* AndroidThreads.h in Headers */,
				E1C69A4915C20B0B00AD27B2 /* AString.h in Headers */,
				E1C69A4A15C20B0B00AD27B2 /* Atomic.h in Headers */,
				E1C69A4B15C20B0B00AD27B2 /* base64.h in Headers */,
				E1C69A4C15C20B0B00AD27B2 /* BasicHashtable.h in Headers */,
				E1C69A4D15C20B0B00AD27B2 /* BitSet.h in Headers */,
				E1C69A4E15C20B0B00AD27B2 /* BlobCache.h in Headers */,
				E1C69A4F15C20B0B00AD27B2 /* BufferedTextOutput.h in Headers */,
				E1C69A5015C20B0B00AD27B2 /* ByteOrder.h in Headers */,
				E1C69A5115C20B0B00AD27B2 /* CallStack.h in Headers */,
				E1C69A5215C20B0B00AD27B2 /* Compat.h in Headers */,
				E1C69A5315C20B0B00AD27B2 /* Condition.h in Headers */,
				E1C69A5415C20B0B00AD27B2 /* Debug.h in Headers */,
				E1C69A5515C20B0B00AD27B2 /* Endian.h in Headers */,
				E1C69A5615C20B0B00AD27B2 /* Errors.h in Headers */,
				E1C69A5715C20B0B00AD27B2 /* FileMap.h in Headers */,
				E1C69A5815C20B0B00AD27B2 /* Flattenable.h in Headers */,
				E1C69A5915C20B0B00AD27B2 /* Functor.h in Headers */,
				E1C69A5A15C20B0B00AD27B2 /* GenerationCache.h in Headers */,
				E1C69A5C15C20B0B00AD27B2 /* hexdump.h in Headers */,
				E1C69A5D15C20B0B00AD27B2 /* KeyedVector.h in Headers */,
				E1C69A5E15C20B0B00AD27B2 /* LinearTransform.h in Headers */,
				E1C69A5F15C20B0B00AD27B2 /* List.h in Headers */,
				E1C69A6015C20B0B00AD27B2 /* Log.h in Headers */,
				E1C69A6115C20B0B00AD27B2 /* Looper.h in Headers */,
				E1C69A6215C20B0B00AD27B2 /* misc.h in Headers */,
				E1C69A6315C20B0B00AD27B2 /* Mutex.h in Headers */,
				E1C69A6415C20B0B00AD27B2 /* PropertyMap.h in Headers */,
				E1C69A6515C20B0B00AD27B2 /* RefBase.h in Headers */,
				E1C69A6615C20B0B00AD27B2 /* RWLock.h in Headers */,
				E1C69A6715C20B0B00AD27B2 /* SharedBuffer.h in Headers */,
				E1C69A6815C20B0B00AD27B2 /* SortedVector.h in Headers */,
				E1C69A6915C20B0B00AD27B2 /* StopWatch.h in Headers */,
				E1C69A6A15C20B0B00AD27B2 /* String8.h in Headers */,
				E1C69A6B15C20B0B00AD27B2 /* String16.h in Headers */,
				E1C69A6C15C20B0B00AD27B2 /* StringArray.h in Headers */,
				E1C69A6D15C20B0B00AD27B2 /* StrongPointer.h in Headers */,
				E1C69A6E15C20B0B00AD27B2 /* SystemClock.h in Headers */,
				E1C69A6F15C20B0B00AD27B2 /* TextOutput.h in Headers */,
				E1C69A7015C20B0B00AD27B2 /* Thread.h in Headers */,
				E1C69A7115C20B0B00AD27B2 /* ThreadDefs.h in Headers */,
				E1C69A7215C20B0B00AD27B2 /* threads.h in Headers */,
				E1C69A7315C20B0B00AD27B2 /* Timers.h in Headers */,
				E1C69A7515C20B1600AD27B2 /* ZipUtils.h in Headers */,
				E1C69B8815C20B9200AD27B2 /* ashmem.h in Headers */,
				E1C69B8A15C20B9200AD27B2 /* Singleton.h in Headers */,
				E1C69B8B15C20B9200AD27B2 /* TestHelpers.h in Headers */,
				E1C69B8C15C20B9200AD27B2 /* Tokenizer.h in Headers */,
				E1C69B8D15C20B9200AD27B2 /* Trace.h in Headers */,
				E1C69B8E15C20B9200AD27B2 /* TypeHelpers.h in Headers */,
				E1C69B8F15C20B9200AD27B2 /* Unicode.h in Headers */,
				E1C69B9015C20B9200AD27B2 /* UniquePtr.h in Headers */,
				E1C69B9115C20B9200AD27B2 /* Vector.h in Headers */,
				E1C69B9215C20B9200AD27B2 /* VectorImpl.h in Headers */,
				E1C69B9315C20B9200AD27B2 /* WorkQueue.h in Headers */,
				E1C69B9415C20B9200AD27B2 /* ZipFileCRO.h in Headers */,
				E1C69B9515C20B9200AD27B2 /* ZipFileRO.h in Headers */,
				E1C69BA515C3671500AD27B2 /* Parcel.h in Headers */,
				E1C69CAF15C3802200AD27B2 /* binder.h in Headers */,
				E1C69CB515C39A9F00AD27B2 /* AndroidConfig.h in Headers */,
			);
			runOnlyForDeploymentPostprocessing = 0;
		};
/* End PBXHeadersBuildPhase section */

/* Begin PBXNativeTarget section */
		E1C6964715BF6D1A00AD27B2 /* foundation */ = {
			isa = PBXNativeTarget;
			buildConfigurationList = E1C6966C15BF6D1B00AD27B2 /* Build configuration list for PBXNativeTarget "foundation" */;
			buildPhases = (
				E1C6964415BF6D1A00AD27B2 /* Sources */,
				E1C6964515BF6D1A00AD27B2 /* Frameworks */,
				E1C6964615BF6D1A00AD27B2 /* Headers */,
			);
			buildRules = (
			);
			dependencies = (
			);
			name = foundation;
			productName = foundation;
			productReference = E1C6964815BF6D1A00AD27B2 /* libfoundation.a */;
			productType = "com.apple.product-type.library.static";
		};
		E1C6965715BF6D1B00AD27B2 /* foundationTests */ = {
			isa = PBXNativeTarget;
			buildConfigurationList = E1C6966F15BF6D1B00AD27B2 /* Build configuration list for PBXNativeTarget "foundationTests" */;
			buildPhases = (
				E1C6965315BF6D1B00AD27B2 /* Sources */,
				E1C6965415BF6D1B00AD27B2 /* Frameworks */,
				E1C6965515BF6D1B00AD27B2 /* Resources */,
				E1C6965615BF6D1B00AD27B2 /* ShellScript */,
			);
			buildRules = (
			);
			dependencies = (
				E1C6965F15BF6D1B00AD27B2 /* PBXTargetDependency */,
			);
			name = foundationTests;
			productName = foundationTests;
			productReference = E1C6965815BF6D1B00AD27B2 /* foundationTests.octest */;
			productType = "com.apple.product-type.bundle";
		};
/* End PBXNativeTarget section */

/* Begin PBXProject section */
		E1C6963F15BF6D1A00AD27B2 /* Project object */ = {
			isa = PBXProject;
			attributes = {
				LastUpgradeCheck = 0430;
			};
			buildConfigurationList = E1C6964215BF6D1A00AD27B2 /* Build configuration list for PBXProject "foundation" */;
			compatibilityVersion = "Xcode 3.2";
			developmentRegion = English;
			hasScannedForEncodings = 0;
			knownRegions = (
				en,
			);
			mainGroup = E1C6963D15BF6D1A00AD27B2;
			productRefGroup = E1C6964915BF6D1A00AD27B2 /* Products */;
			projectDirPath = "";
			projectRoot = "";
			targets = (
				E1C6964715BF6D1A00AD27B2 /* foundation */,
				E1C6965715BF6D1B00AD27B2 /* foundationTests */,
			);
		};
/* End PBXProject section */

/* Begin PBXResourcesBuildPhase section */
		E1C6965515BF6D1B00AD27B2 /* Resources */ = {
			isa = PBXResourcesBuildPhase;
			buildActionMask = 2147483647;
			files = (
				E1C6966615BF6D1B00AD27B2 /* InfoPlist.strings in Resources */,
			);
			runOnlyForDeploymentPostprocessing = 0;
		};
/* End PBXResourcesBuildPhase section */

/* Begin PBXShellScriptBuildPhase section */
		E1C6965615BF6D1B00AD27B2 /* ShellScript */ = {
			isa = PBXShellScriptBuildPhase;
			buildActionMask = 2147483647;
			files = (
			);
			inputPaths = (
			);
			outputPaths = (
			);
			runOnlyForDeploymentPostprocessing = 0;
			shellPath = /bin/sh;
			shellScript = "# Run the unit tests in this test bundle.\n\"${SYSTEM_DEVELOPER_DIR}/Tools/RunUnitTests\"\n";
		};
/* End PBXShellScriptBuildPhase section */

/* Begin PBXSourcesBuildPhase section */
		E1C6964415BF6D1A00AD27B2 /* Sources */ = {
			isa = PBXSourcesBuildPhase;
			buildActionMask = 2147483647;
			files = (
				E1C699F515C20A9800AD27B2 /* AAtomizer.cpp in Sources */,
				E1C69A0A15C20AB200AD27B2 /* ABitReader.cpp in Sources */,
				E1C69A0C15C20AB200AD27B2 /* ABuffer.cpp in Sources */,
				E1C69A0F15C20AB200AD27B2 /* AHandler.cpp in Sources */,
				E1C69A1215C20AB200AD27B2 /* AHierarchicalStateMachine.cpp in Sources */,
				E1C69A1415C20AB200AD27B2 /* ALooper.cpp in Sources */,
				E1C69A1615C20AB200AD27B2 /* ALooperRoster.cpp in Sources */,
				E1C69A1815C20AB200AD27B2 /* AMessage.cpp in Sources */,
				E1C69A4815C20B0B00AD27B2 /* AString.cpp in Sources */,
				E1C69A5B15C20B0B00AD27B2 /* hexdump.cpp in Sources */,
				E1C69B9815C20E1000AD27B2 /* RefBase.cpp in Sources */,
				E1C69B9915C20E1000AD27B2 /* VectorImpl.cpp in Sources */,
				E1C69B9B15C20E7300AD27B2 /* Threads.cpp in Sources */,
				E1C69B9D15C2112400AD27B2 /* SharedBuffer.cpp in Sources */,
				E1C69B9F15C35C1A00AD27B2 /* TextOutput.cpp in Sources */,
				E1C69BA115C35C6200AD27B2 /* Debug.cpp in Sources */,
				E1C69BA415C3671500AD27B2 /* Parcel.cpp in Sources */,
				E1C69CB215C3859900AD27B2 /* String8.cpp in Sources */,
				E1C69CB315C3859900AD27B2 /* String16.cpp in Sources */,
				E1C69CBA15C4283E00AD27B2 /* Unicode.cpp in Sources */,
				E1C69CBC15C42C6C00AD27B2 /* Static.cpp in Sources */,
				E1C69CBE15C42E5500AD27B2 /* BufferedTextOutput.cpp in Sources */,
				E1C69CC015C4313F00AD27B2 /* threads.c in Sources */,
				E1746D3815C4F0E2000941C7 /* logd_write.c in Sources */,
			);
			runOnlyForDeploymentPostprocessing = 0;
		};
		E1C6965315BF6D1B00AD27B2 /* Sources */ = {
			isa = PBXSourcesBuildPhase;
			buildActionMask = 2147483647;
			files = (
				E1C69CB815C4252C00AD27B2 /* foundationTests.cpp in Sources */,
			);
			runOnlyForDeploymentPostprocessing = 0;
		};
/* End PBXSourcesBuildPhase section */

/* Begin PBXTargetDependency section */
		E1C6965F15BF6D1B00AD27B2 /* PBXTargetDependency */ = {
			isa = PBXTargetDependency;
			target = E1C6964715BF6D1A00AD27B2 /* foundation */;
			targetProxy = E1C6965E15BF6D1B00AD27B2 /* PBXContainerItemProxy */;
		};
/* End PBXTargetDependency section */

/* Begin PBXVariantGroup section */
		E1C6966415BF6D1B00AD27B2 /* InfoPlist.strings */ = {
			isa = PBXVariantGroup;
			children = (
				E1C6966515BF6D1B00AD27B2 /* en */,
			);
			name = InfoPlist.strings;
			sourceTree = "<group>";
		};
/* End PBXVariantGroup section */

/* Begin XCBuildConfiguration section */
		E1C6966A15BF6D1B00AD27B2 /* Debug */ = {
			isa = XCBuildConfiguration;
			buildSettings = {
				ALWAYS_SEARCH_USER_PATHS = NO;
				ARCHS = "$(ARCHS_STANDARD_32_BIT)";
				CLANG_ENABLE_OBJC_ARC = YES;
				COPY_PHASE_STRIP = NO;
				GCC_C_LANGUAGE_STANDARD = gnu99;
				GCC_DYNAMIC_NO_PIC = NO;
				GCC_OPTIMIZATION_LEVEL = 0;
				GCC_PREPROCESSOR_DEFINITIONS = (
					"DEBUG=1",
					"$(inherited)",
				);
				GCC_SYMBOLS_PRIVATE_EXTERN = NO;
				GCC_VERSION = com.apple.compilers.llvm.clang.1_0;
				GCC_WARN_ABOUT_RETURN_TYPE = YES;
				GCC_WARN_UNINITIALIZED_AUTOS = YES;
				GCC_WARN_UNUSED_VARIABLE = YES;
				IPHONEOS_DEPLOYMENT_TARGET = 5.1;
				SDKROOT = iphoneos;
			};
			name = Debug;
		};
		E1C6966B15BF6D1B00AD27B2 /* Release */ = {
			isa = XCBuildConfiguration;
			buildSettings = {
				ALWAYS_SEARCH_USER_PATHS = NO;
				ARCHS = "$(ARCHS_STANDARD_32_BIT)";
				CLANG_ENABLE_OBJC_ARC = YES;
				COPY_PHASE_STRIP = YES;
				GCC_C_LANGUAGE_STANDARD = gnu99;
				GCC_VERSION = com.apple.compilers.llvm.clang.1_0;
				GCC_WARN_ABOUT_RETURN_TYPE = YES;
				GCC_WARN_UNINITIALIZED_AUTOS = YES;
				GCC_WARN_UNUSED_VARIABLE = YES;
				IPHONEOS_DEPLOYMENT_TARGET = 5.1;
				SDKROOT = iphoneos;
				VALIDATE_PRODUCT = YES;
			};
			name = Release;
		};
		E1C6966D15BF6D1B00AD27B2 /* Debug */ = {
			isa = XCBuildConfiguration;
			buildSettings = {
				DSTROOT = /tmp/foundation.dst;
				GCC_C_LANGUAGE_STANDARD = gnu99;
				GCC_PRECOMPILE_PREFIX_HEADER = YES;
				GCC_PREFIX_HEADER = "foundation/foundation-Prefix.pch";
				OTHER_LDFLAGS = "-ObjC";
				PRODUCT_NAME = "$(TARGET_NAME)";
				SKIP_INSTALL = YES;
				USER_HEADER_SEARCH_PATHS = "";
			};
			name = Debug;
		};
		E1C6966E15BF6D1B00AD27B2 /* Release */ = {
			isa = XCBuildConfiguration;
			buildSettings = {
				DSTROOT = /tmp/foundation.dst;
				GCC_C_LANGUAGE_STANDARD = gnu99;
				GCC_PRECOMPILE_PREFIX_HEADER = YES;
				GCC_PREFIX_HEADER = "foundation/foundation-Prefix.pch";
				OTHER_LDFLAGS = "-ObjC";
				PRODUCT_NAME = "$(TARGET_NAME)";
				SKIP_INSTALL = YES;
				USER_HEADER_SEARCH_PATHS = "";
			};
			name = Release;
		};
		E1C6967015BF6D1B00AD27B2 /* Debug */ = {
			isa = XCBuildConfiguration;
			buildSettings = {
				FRAMEWORK_SEARCH_PATHS = (
					"$(SDKROOT)/Developer/Library/Frameworks",
					"$(DEVELOPER_LIBRARY_DIR)/Frameworks",
				);
				GCC_PRECOMPILE_PREFIX_HEADER = YES;
				GCC_PREFIX_HEADER = "foundation/foundation-Prefix.pch";
				INFOPLIST_FILE = "foundationTests/foundationTests-Info.plist";
				PRODUCT_NAME = "$(TARGET_NAME)";
				WRAPPER_EXTENSION = octest;
			};
			name = Debug;
		};
		E1C6967115BF6D1B00AD27B2 /* Release */ = {
			isa = XCBuildConfiguration;
			buildSettings = {
				FRAMEWORK_SEARCH_PATHS = (
					"$(SDKROOT)/Developer/Library/Frameworks",
					"$(DEVELOPER_LIBRARY_DIR)/Frameworks",
				);
				GCC_PRECOMPILE_PREFIX_HEADER = YES;
				GCC_PREFIX_HEADER = "foundation/foundation-Prefix.pch";
				INFOPLIST_FILE = "foundationTests/foundationTests-Info.plist";
				PRODUCT_NAME = "$(TARGET_NAME)";
				WRAPPER_EXTENSION = octest;
			};
			name = Release;
		};
/* End XCBuildConfiguration section */

/* Begin XCConfigurationList section */
		E1C6964215BF6D1A00AD27B2 /* Build configuration list for PBXProject "foundation" */ = {
			isa = XCConfigurationList;
			buildConfigurations = (
				E1C6966A15BF6D1B00AD27B2 /* Debug */,
				E1C6966B15BF6D1B00AD27B2 /* Release */,
			);
			defaultConfigurationIsVisible = 0;
			defaultConfigurationName = Release;
		};
		E1C6966C15BF6D1B00AD27B2 /* Build configuration list for PBXNativeTarget "foundation" */ = {
			isa = XCConfigurationList;
			buildConfigurations = (
				E1C6966D15BF6D1B00AD27B2 /* Debug */,
				E1C6966E15BF6D1B00AD27B2 /* Release */,
			);
			defaultConfigurationIsVisible = 0;
			defaultConfigurationName = Release;
		};
		E1C6966F15BF6D1B00AD27B2 /* Build configuration list for PBXNativeTarget "foundationTests" */ = {
			isa = XCConfigurationList;
			buildConfigurations = (
				E1C6967015BF6D1B00AD27B2 /* Debug */,
				E1C6967115BF6D1B00AD27B2 /* Release */,
			);
			defaultConfigurationIsVisible = 0;
			defaultConfigurationName = Release;
		};
/* End XCConfigurationList section */
	};
	rootObject = E1C6963F15BF6D1A00AD27B2 /* Project object */;
}
